PODS:
  - Alamofire (4.4.0)
  - SVProgressHUD (2.1.2)

DEPENDENCIES:
  - Alamofire
  - SVProgressHUD

SPEC CHECKSUMS:
  Alamofire: dc44b1600b800eb63da6a19039a0083d62a6a62d
  SVProgressHUD: c404a55d78acbeb7ebb78b76d3faf986475a6994

PODFILE CHECKSUM: 789841ee87957700e607d2aad0ddb105e3e93bcd

COCOAPODS: 1.2.1.beta.1
