PODS:
  - Alamofire (4.0.0)
  - SVProgressHUD (2.1.2)

DEPENDENCIES:
  - Alamofire (~> 4.0)
  - SVProgressHUD

SPEC CHECKSUMS:
  Alamofire: fef59f00388f267e52d9b432aa5d93dc97190f14
  SVProgressHUD: c404a55d78acbeb7ebb78b76d3faf986475a6994

PODFILE CHECKSUM: e4a42df83b7c178fed0e9619fe8b52f5c5d67788

COCOAPODS: 1.2.1.beta.1
