// !$*UTF8*$!
{
	archiveVersion = 1;
	classes = {
	};
	objectVersion = 46;
	objects = {

/* Begin PBXBuildFile section */
		2E27C9711F90506000C94C24 /* Arrears_taskViewController.swift in Sources */ = {isa = PBXBuildFile; fileRef = 2E27C96F1F90506000C94C24 /* Arrears_taskViewController.swift */; };
		2E27C9721F90506000C94C24 /* Arrears_taskViewController.xib in Resources */ = {isa = PBXBuildFile; fileRef = 2E27C9701F90506000C94C24 /* Arrears_taskViewController.xib */; };
		2E27C9761F9068DD00C94C24 /* small_piece_paperViewController.swift in Sources */ = {isa = PBXBuildFile; fileRef = 2E27C9741F9068DD00C94C24 /* small_piece_paperViewController.swift */; };
		2E27C9771F9068DD00C94C24 /* small_piece_paperViewController.xib in Resources */ = {isa = PBXBuildFile; fileRef = 2E27C9751F9068DD00C94C24 /* small_piece_paperViewController.xib */; };
		2E27C97A1F90696A00C94C24 /* Small_prece_paperTableViewCell.swift in Sources */ = {isa = PBXBuildFile; fileRef = 2E27C9781F90696A00C94C24 /* Small_prece_paperTableViewCell.swift */; };
		2E27C97B1F90696A00C94C24 /* Small_prece_paperTableViewCell.xib in Resources */ = {isa = PBXBuildFile; fileRef = 2E27C9791F90696A00C94C24 /* Small_prece_paperTableViewCell.xib */; };
		2E3777181F611D5200576F63 /* ZXYBaseViewController.swift in Sources */ = {isa = PBXBuildFile; fileRef = 2E3777161F611D5200576F63 /* ZXYBaseViewController.swift */; };
		2E3777191F611D5200576F63 /* ZXYBaseViewController.xib in Resources */ = {isa = PBXBuildFile; fileRef = 2E3777171F611D5200576F63 /* ZXYBaseViewController.xib */; };
		2E37771C1F6130A000576F63 /* TxtFieldTableViewCell.swift in Sources */ = {isa = PBXBuildFile; fileRef = 2E37771A1F6130A000576F63 /* TxtFieldTableViewCell.swift */; };
		2E37771D1F6130A000576F63 /* TxtFieldTableViewCell.xib in Resources */ = {isa = PBXBuildFile; fileRef = 2E37771B1F6130A000576F63 /* TxtFieldTableViewCell.xib */; };
		2E3777261F629B2700576F63 /* CustomerViewController.swift in Sources */ = {isa = PBXBuildFile; fileRef = 2E3777241F629B2700576F63 /* CustomerViewController.swift */; };
		2E3777271F629B2700576F63 /* CustomerViewController.xib in Resources */ = {isa = PBXBuildFile; fileRef = 2E3777251F629B2700576F63 /* CustomerViewController.xib */; };
		2E4C2E231F6A64DF00442273 /* NewsEntity.swift in Sources */ = {isa = PBXBuildFile; fileRef = 2E4C2E221F6A64DF00442273 /* NewsEntity.swift */; };
		2E4C2E261F6A7F2000442273 /* NewsTableViewCell.swift in Sources */ = {isa = PBXBuildFile; fileRef = 2E4C2E241F6A7F2000442273 /* NewsTableViewCell.swift */; };
		2E4C2E271F6A7F2000442273 /* NewsTableViewCell.xib in Resources */ = {isa = PBXBuildFile; fileRef = 2E4C2E251F6A7F2000442273 /* NewsTableViewCell.xib */; };
		2E4C2E2F1F6BA9EF00442273 /* WebViewController.swift in Sources */ = {isa = PBXBuildFile; fileRef = 2E4C2E2D1F6BA9EF00442273 /* WebViewController.swift */; };
		2E4C2E301F6BA9EF00442273 /* WebViewController.xib in Resources */ = {isa = PBXBuildFile; fileRef = 2E4C2E2E1F6BA9EF00442273 /* WebViewController.xib */; };
		2E4ECC791F4ED96600E13B08 /* CompEntity.swift in Sources */ = {isa = PBXBuildFile; fileRef = 2E4ECC781F4ED96600E13B08 /* CompEntity.swift */; };
		2E4ECC7E1F4ED9C600E13B08 /* CommServer.swift in Sources */ = {isa = PBXBuildFile; fileRef = 2E4ECC7B1F4ED9C600E13B08 /* CommServer.swift */; };
		2E4ECC7F1F4ED9C600E13B08 /* Maco.swift in Sources */ = {isa = PBXBuildFile; fileRef = 2E4ECC7C1F4ED9C600E13B08 /* Maco.swift */; };
		2E4ECC801F4ED9C600E13B08 /* UserEntity.swift in Sources */ = {isa = PBXBuildFile; fileRef = 2E4ECC7D1F4ED9C600E13B08 /* UserEntity.swift */; };
		2E4ECC8D1F4EDA0500E13B08 /* AboutViewController.swift in Sources */ = {isa = PBXBuildFile; fileRef = 2E4ECC811F4EDA0500E13B08 /* AboutViewController.swift */; };
		2E4ECC8E1F4EDA0500E13B08 /* AboutViewController.xib in Resources */ = {isa = PBXBuildFile; fileRef = 2E4ECC821F4EDA0500E13B08 /* AboutViewController.xib */; };
		2E4ECC8F1F4EDA0500E13B08 /* ContactAddViewController.swift in Sources */ = {isa = PBXBuildFile; fileRef = 2E4ECC831F4EDA0500E13B08 /* ContactAddViewController.swift */; };
		2E4ECC901F4EDA0500E13B08 /* ContactAddViewController.xib in Resources */ = {isa = PBXBuildFile; fileRef = 2E4ECC841F4EDA0500E13B08 /* ContactAddViewController.xib */; };
		2E4ECC911F4EDA0500E13B08 /* CoustomerViewController.swift in Sources */ = {isa = PBXBuildFile; fileRef = 2E4ECC851F4EDA0500E13B08 /* CoustomerViewController.swift */; };
		2E4ECC921F4EDA0500E13B08 /* CoustomerViewController.xib in Resources */ = {isa = PBXBuildFile; fileRef = 2E4ECC861F4EDA0500E13B08 /* CoustomerViewController.xib */; };
		2E4ECC931F4EDA0500E13B08 /* MainViewController.swift in Sources */ = {isa = PBXBuildFile; fileRef = 2E4ECC871F4EDA0500E13B08 /* MainViewController.swift */; };
		2E4ECC941F4EDA0500E13B08 /* MainViewController.xib in Resources */ = {isa = PBXBuildFile; fileRef = 2E4ECC881F4EDA0500E13B08 /* MainViewController.xib */; };
		2E4ECC951F4EDA0500E13B08 /* MyGroupViewController.swift in Sources */ = {isa = PBXBuildFile; fileRef = 2E4ECC891F4EDA0500E13B08 /* MyGroupViewController.swift */; };
		2E4ECC961F4EDA0500E13B08 /* MyGroupViewController.xib in Resources */ = {isa = PBXBuildFile; fileRef = 2E4ECC8A1F4EDA0500E13B08 /* MyGroupViewController.xib */; };
		2E4ECC971F4EDA0500E13B08 /* NewsViewController.swift in Sources */ = {isa = PBXBuildFile; fileRef = 2E4ECC8B1F4EDA0500E13B08 /* NewsViewController.swift */; };
		2E4ECC981F4EDA0500E13B08 /* NewsViewController.xib in Resources */ = {isa = PBXBuildFile; fileRef = 2E4ECC8C1F4EDA0500E13B08 /* NewsViewController.xib */; };
		2E5ED09E1F4576AF000F3C10 /* BusinessListCollectionViewCell.swift in Sources */ = {isa = PBXBuildFile; fileRef = 2E5ED09C1F4576AF000F3C10 /* BusinessListCollectionViewCell.swift */; };
		2E5ED09F1F4576AF000F3C10 /* BusinessListCollectionViewCell.xib in Resources */ = {isa = PBXBuildFile; fileRef = 2E5ED09D1F4576AF000F3C10 /* BusinessListCollectionViewCell.xib */; };
		2E698A9B1F8F521700C740CD /* TwoLablesTableViewCell.swift in Sources */ = {isa = PBXBuildFile; fileRef = 2E698A991F8F521700C740CD /* TwoLablesTableViewCell.swift */; };
		2E698A9C1F8F521700C740CD /* TwoLablesTableViewCell.xib in Resources */ = {isa = PBXBuildFile; fileRef = 2E698A9A1F8F521700C740CD /* TwoLablesTableViewCell.xib */; };
		2E698AA01F8F610600C740CD /* Payment_arrears_listViewController.swift in Sources */ = {isa = PBXBuildFile; fileRef = 2E698A9E1F8F610600C740CD /* Payment_arrears_listViewController.swift */; };
		2E698AA11F8F610600C740CD /* Payment_arrears_listViewController.xib in Resources */ = {isa = PBXBuildFile; fileRef = 2E698A9F1F8F610600C740CD /* Payment_arrears_listViewController.xib */; };
		2E6AB9A71F8EF4340079BAD8 /* Birthday_NewsTableViewCell.swift in Sources */ = {isa = PBXBuildFile; fileRef = 2E6AB9A51F8EF4340079BAD8 /* Birthday_NewsTableViewCell.swift */; };
		2E6AB9A81F8EF4340079BAD8 /* Birthday_NewsTableViewCell.xib in Resources */ = {isa = PBXBuildFile; fileRef = 2E6AB9A61F8EF4340079BAD8 /* Birthday_NewsTableViewCell.xib */; };
		2E6AB9AB1F8F159A0079BAD8 /* Birthday_DetailViewController.swift in Sources */ = {isa = PBXBuildFile; fileRef = 2E6AB9A91F8F159A0079BAD8 /* Birthday_DetailViewController.swift */; };
		2E6AB9AC1F8F159A0079BAD8 /* Birthday_DetailViewController.xib in Resources */ = {isa = PBXBuildFile; fileRef = 2E6AB9AA1F8F159A0079BAD8 /* Birthday_DetailViewController.xib */; };
		2E6AB9AF1F8F3D820079BAD8 /* Birthday_departmentViewController.swift in Sources */ = {isa = PBXBuildFile; fileRef = 2E6AB9AD1F8F3D820079BAD8 /* Birthday_departmentViewController.swift */; };
		2E6AB9B01F8F3D820079BAD8 /* Birthday_departmentViewController.xib in Resources */ = {isa = PBXBuildFile; fileRef = 2E6AB9AE1F8F3D820079BAD8 /* Birthday_departmentViewController.xib */; };
		2E6AB9B41F8F48FD0079BAD8 /* Contract_expiresViewController.swift in Sources */ = {isa = PBXBuildFile; fileRef = 2E6AB9B21F8F48FD0079BAD8 /* Contract_expiresViewController.swift */; };
		2E6AB9B51F8F48FD0079BAD8 /* Contract_expiresViewController.xib in Resources */ = {isa = PBXBuildFile; fileRef = 2E6AB9B31F8F48FD0079BAD8 /* Contract_expiresViewController.xib */; };
		2E6AB9B81F8F4C8C0079BAD8 /* Contract_expries_DetailViewController.swift in Sources */ = {isa = PBXBuildFile; fileRef = 2E6AB9B61F8F4C8C0079BAD8 /* Contract_expries_DetailViewController.swift */; };
		2E6AB9B91F8F4C8C0079BAD8 /* Contract_expries_DetailViewController.xib in Resources */ = {isa = PBXBuildFile; fileRef = 2E6AB9B71F8F4C8C0079BAD8 /* Contract_expries_DetailViewController.xib */; };
		2E75A05A1F78D881005DF1EC /* P_SpecialListViewController.swift in Sources */ = {isa = PBXBuildFile; fileRef = 2E75A0581F78D881005DF1EC /* P_SpecialListViewController.swift */; };
		2E75A05B1F78D881005DF1EC /* P_SpecialListViewController.xib in Resources */ = {isa = PBXBuildFile; fileRef = 2E75A0591F78D881005DF1EC /* P_SpecialListViewController.xib */; };
		2E75A0751F78E85C005DF1EC /* shareViewController.swift in Sources */ = {isa = PBXBuildFile; fileRef = 2E75A0731F78E85C005DF1EC /* shareViewController.swift */; };
		2E75A0761F78E85C005DF1EC /* shareViewController.xib in Resources */ = {isa = PBXBuildFile; fileRef = 2E75A0741F78E85C005DF1EC /* shareViewController.xib */; };
		2E75A0791F78F370005DF1EC /* PushSettingViewController.swift in Sources */ = {isa = PBXBuildFile; fileRef = 2E75A0771F78F370005DF1EC /* PushSettingViewController.swift */; };
		2E75A07A1F78F370005DF1EC /* PushSettingViewController.xib in Resources */ = {isa = PBXBuildFile; fileRef = 2E75A0781F78F370005DF1EC /* PushSettingViewController.xib */; };
		2E75A07D1F78F3D8005DF1EC /* SuggestViewController.swift in Sources */ = {isa = PBXBuildFile; fileRef = 2E75A07B1F78F3D8005DF1EC /* SuggestViewController.swift */; };
		2E75A07E1F78F3D8005DF1EC /* SuggestViewController.xib in Resources */ = {isa = PBXBuildFile; fileRef = 2E75A07C1F78F3D8005DF1EC /* SuggestViewController.xib */; };
		2E918FF01F3D899F00B460C9 /* MainTableViewCell.swift in Sources */ = {isa = PBXBuildFile; fileRef = 2E918FEE1F3D899F00B460C9 /* MainTableViewCell.swift */; };
		2E918FF11F3D899F00B460C9 /* MainTableViewCell.xib in Resources */ = {isa = PBXBuildFile; fileRef = 2E918FEF1F3D899F00B460C9 /* MainTableViewCell.xib */; };
		2E9A5C4F1F6F62650079660E /* UserTableCellHeaderView.swift in Sources */ = {isa = PBXBuildFile; fileRef = 2E9A5C4E1F6F62650079660E /* UserTableCellHeaderView.swift */; };
		2E9A5C511F6F62870079660E /* UserTableCellHeaderView.xib in Resources */ = {isa = PBXBuildFile; fileRef = 2E9A5C501F6F62870079660E /* UserTableCellHeaderView.xib */; };
		2E9A5C541F6F9D2E0079660E /* MainBaseViewController.swift in Sources */ = {isa = PBXBuildFile; fileRef = 2E9A5C521F6F9D2E0079660E /* MainBaseViewController.swift */; };
		2E9A5C551F6F9D2E0079660E /* MainBaseViewController.xib in Resources */ = {isa = PBXBuildFile; fileRef = 2E9A5C531F6F9D2E0079660E /* MainBaseViewController.xib */; };
		2E9A5C5B1F7390330079660E /* UserLogoutBtnView.xib in Resources */ = {isa = PBXBuildFile; fileRef = 2E9A5C5A1F7390330079660E /* UserLogoutBtnView.xib */; };
		2E9A5C5D1F7392BC0079660E /* UserLogoutBtnView.swift in Sources */ = {isa = PBXBuildFile; fileRef = 2E9A5C5C1F7392BC0079660E /* UserLogoutBtnView.swift */; };
		2E9A5C601F749EE30079660E /* UserTaskListTableViewCell.swift in Sources */ = {isa = PBXBuildFile; fileRef = 2E9A5C5E1F749EE30079660E /* UserTaskListTableViewCell.swift */; };
		2E9A5C611F749EE30079660E /* UserTaskListTableViewCell.xib in Resources */ = {isa = PBXBuildFile; fileRef = 2E9A5C5F1F749EE30079660E /* UserTaskListTableViewCell.xib */; };
		2EA56DD31F4BBD5C004E4AD0 /* MyGroupTableViewCell.swift in Sources */ = {isa = PBXBuildFile; fileRef = 2EA56DD11F4BBD5C004E4AD0 /* MyGroupTableViewCell.swift */; };
		2EA56DD41F4BBD5C004E4AD0 /* MyGroupTableViewCell.xib in Resources */ = {isa = PBXBuildFile; fileRef = 2EA56DD21F4BBD5C004E4AD0 /* MyGroupTableViewCell.xib */; };
		2EB8661D1F909D920000F6CF /* small_piece_paperDetailViewController.swift in Sources */ = {isa = PBXBuildFile; fileRef = 2EB8661B1F909D920000F6CF /* small_piece_paperDetailViewController.swift */; };
		2EB8661E1F909D920000F6CF /* small_piece_paperDetailViewController.xib in Resources */ = {isa = PBXBuildFile; fileRef = 2EB8661C1F909D920000F6CF /* small_piece_paperDetailViewController.xib */; };
		2EB8E4401F8CB36A00D561F1 /* XYStartEndDatePicker.swift in Sources */ = {isa = PBXBuildFile; fileRef = 2EB8E43F1F8CB36A00D561F1 /* XYStartEndDatePicker.swift */; };
		2EB8E4431F8CBA6300D561F1 /* recommendedViewController.swift in Sources */ = {isa = PBXBuildFile; fileRef = 2EB8E4411F8CBA6300D561F1 /* recommendedViewController.swift */; };
		2EB8E4441F8CBA6300D561F1 /* recommendedViewController.xib in Resources */ = {isa = PBXBuildFile; fileRef = 2EB8E4421F8CBA6300D561F1 /* recommendedViewController.xib */; };
		2EB8E4471F8DB8E300D561F1 /* Reommended_DetailViewController.swift in Sources */ = {isa = PBXBuildFile; fileRef = 2EB8E4451F8DB8E300D561F1 /* Reommended_DetailViewController.swift */; };
		2EB8E4481F8DB8E300D561F1 /* Reommended_DetailViewController.xib in Resources */ = {isa = PBXBuildFile; fileRef = 2EB8E4461F8DB8E300D561F1 /* Reommended_DetailViewController.xib */; };
		2EB8E44B1F8DC46500D561F1 /* Reommened_Detail_HeadViewTableViewCell.swift in Sources */ = {isa = PBXBuildFile; fileRef = 2EB8E4491F8DC46500D561F1 /* Reommened_Detail_HeadViewTableViewCell.swift */; };
		2EB8E44C1F8DC46500D561F1 /* Reommened_Detail_HeadViewTableViewCell.xib in Resources */ = {isa = PBXBuildFile; fileRef = 2EB8E44A1F8DC46500D561F1 /* Reommened_Detail_HeadViewTableViewCell.xib */; };
		2EB8E44F1F8DC47900D561F1 /* Reommened_Detail_FoodViewTableViewCell.swift in Sources */ = {isa = PBXBuildFile; fileRef = 2EB8E44D1F8DC47900D561F1 /* Reommened_Detail_FoodViewTableViewCell.swift */; };
		2EB8E4501F8DC47900D561F1 /* Reommened_Detail_FoodViewTableViewCell.xib in Resources */ = {isa = PBXBuildFile; fileRef = 2EB8E44E1F8DC47900D561F1 /* Reommened_Detail_FoodViewTableViewCell.xib */; };
		2EB8E4541F8E17E600D561F1 /* Birthday_listViewController.swift in Sources */ = {isa = PBXBuildFile; fileRef = 2EB8E4521F8E17E600D561F1 /* Birthday_listViewController.swift */; };
		2EB8E4551F8E17E600D561F1 /* Birthday_listViewController.xib in Resources */ = {isa = PBXBuildFile; fileRef = 2EB8E4531F8E17E600D561F1 /* Birthday_listViewController.xib */; };
		2EBE3CD31D9112960086FA45 /* AppDelegate.swift in Sources */ = {isa = PBXBuildFile; fileRef = 2EBE3CD21D9112960086FA45 /* AppDelegate.swift */; };
		2EBE3CD51D9112960086FA45 /* ViewController.swift in Sources */ = {isa = PBXBuildFile; fileRef = 2EBE3CD41D9112960086FA45 /* ViewController.swift */; };
		2EBE3CD81D9112960086FA45 /* Main.storyboard in Resources */ = {isa = PBXBuildFile; fileRef = 2EBE3CD61D9112960086FA45 /* Main.storyboard */; };
		2EBE3CDA1D9112960086FA45 /* Assets.xcassets in Resources */ = {isa = PBXBuildFile; fileRef = 2EBE3CD91D9112960086FA45 /* Assets.xcassets */; };
		2EBE3CDD1D9112960086FA45 /* LaunchScreen.storyboard in Resources */ = {isa = PBXBuildFile; fileRef = 2EBE3CDB1D9112960086FA45 /* LaunchScreen.storyboard */; };
		2EBE3CE81D9112960086FA45 /* switf_MobileAssistantTests.swift in Sources */ = {isa = PBXBuildFile; fileRef = 2EBE3CE71D9112960086FA45 /* switf_MobileAssistantTests.swift */; };
		2EBE3CF31D9112960086FA45 /* switf_MobileAssistantUITests.swift in Sources */ = {isa = PBXBuildFile; fileRef = 2EBE3CF21D9112960086FA45 /* switf_MobileAssistantUITests.swift */; };
		2EBE3D021D9114520086FA45 /* LoginViewController.swift in Sources */ = {isa = PBXBuildFile; fileRef = 2EBE3D001D9114520086FA45 /* LoginViewController.swift */; };
		2EBE3D031D9114520086FA45 /* LoginViewController.xib in Resources */ = {isa = PBXBuildFile; fileRef = 2EBE3D011D9114520086FA45 /* LoginViewController.xib */; };
		2EDB73181F78983400FBEEA7 /* This_month_unvisitEntity.swift in Sources */ = {isa = PBXBuildFile; fileRef = 2EDB73171F78983400FBEEA7 /* This_month_unvisitEntity.swift */; };
		2EFB933A1F7A2CA8001436ED /* ChangePwdViewController.swift in Sources */ = {isa = PBXBuildFile; fileRef = 2EFB93381F7A2CA8001436ED /* ChangePwdViewController.swift */; };
		2EFB933B1F7A2CA8001436ED /* ChangePwdViewController.xib in Resources */ = {isa = PBXBuildFile; fileRef = 2EFB93391F7A2CA8001436ED /* ChangePwdViewController.xib */; };
		2EFB933E1F7C9FCE001436ED /* ChangePhoneViewController.swift in Sources */ = {isa = PBXBuildFile; fileRef = 2EFB933C1F7C9FCE001436ED /* ChangePhoneViewController.swift */; };
		2EFB933F1F7C9FCE001436ED /* ChangePhoneViewController.xib in Resources */ = {isa = PBXBuildFile; fileRef = 2EFB933D1F7C9FCE001436ED /* ChangePhoneViewController.xib */; };
		2EFB93421F7CE084001436ED /* PushSettingTableViewCell.swift in Sources */ = {isa = PBXBuildFile; fileRef = 2EFB93401F7CE084001436ED /* PushSettingTableViewCell.swift */; };
		2EFB93431F7CE084001436ED /* PushSettingTableViewCell.xib in Resources */ = {isa = PBXBuildFile; fileRef = 2EFB93411F7CE084001436ED /* PushSettingTableViewCell.xib */; };
		2EFB93461F7CE113001436ED /* SwitchTableViewCell.swift in Sources */ = {isa = PBXBuildFile; fileRef = 2EFB93441F7CE113001436ED /* SwitchTableViewCell.swift */; };
		2EFB93471F7CE113001436ED /* SwitchTableViewCell.xib in Resources */ = {isa = PBXBuildFile; fileRef = 2EFB93451F7CE113001436ED /* SwitchTableViewCell.xib */; };
		C0069FED9DDE98C7D8CE20A1 /* Pods_switf_MobileAssistant.framework in Frameworks */ = {isa = PBXBuildFile; fileRef = BD2E51C3DBEA7613A1C6C157 /* Pods_switf_MobileAssistant.framework */; };
/* End PBXBuildFile section */

/* Begin PBXContainerItemProxy section */
		2EBE3CE41D9112960086FA45 /* PBXContainerItemProxy */ = {
			isa = PBXContainerItemProxy;
			containerPortal = 2EBE3CC71D9112960086FA45 /* Project object */;
			proxyType = 1;
			remoteGlobalIDString = 2EBE3CCE1D9112960086FA45;
			remoteInfo = "switf-MobileAssistant";
		};
		2EBE3CEF1D9112960086FA45 /* PBXContainerItemProxy */ = {
			isa = PBXContainerItemProxy;
			containerPortal = 2EBE3CC71D9112960086FA45 /* Project object */;
			proxyType = 1;
			remoteGlobalIDString = 2EBE3CCE1D9112960086FA45;
			remoteInfo = "switf-MobileAssistant";
		};
/* End PBXContainerItemProxy section */

/* Begin PBXFileReference section */
		2E27C96F1F90506000C94C24 /* Arrears_taskViewController.swift */ = {isa = PBXFileReference; fileEncoding = 4; lastKnownFileType = sourcecode.swift; path = Arrears_taskViewController.swift; sourceTree = "<group>"; };
		2E27C9701F90506000C94C24 /* Arrears_taskViewController.xib */ = {isa = PBXFileReference; fileEncoding = 4; lastKnownFileType = file.xib; path = Arrears_taskViewController.xib; sourceTree = "<group>"; };
		2E27C9741F9068DD00C94C24 /* small_piece_paperViewController.swift */ = {isa = PBXFileReference; fileEncoding = 4; lastKnownFileType = sourcecode.swift; path = small_piece_paperViewController.swift; sourceTree = "<group>"; };
		2E27C9751F9068DD00C94C24 /* small_piece_paperViewController.xib */ = {isa = PBXFileReference; fileEncoding = 4; lastKnownFileType = file.xib; path = small_piece_paperViewController.xib; sourceTree = "<group>"; };
		2E27C9781F90696A00C94C24 /* Small_prece_paperTableViewCell.swift */ = {isa = PBXFileReference; fileEncoding = 4; lastKnownFileType = sourcecode.swift; path = Small_prece_paperTableViewCell.swift; sourceTree = "<group>"; };
		2E27C9791F90696A00C94C24 /* Small_prece_paperTableViewCell.xib */ = {isa = PBXFileReference; fileEncoding = 4; lastKnownFileType = file.xib; path = Small_prece_paperTableViewCell.xib; sourceTree = "<group>"; };
		2E3777161F611D5200576F63 /* ZXYBaseViewController.swift */ = {isa = PBXFileReference; fileEncoding = 4; lastKnownFileType = sourcecode.swift; path = ZXYBaseViewController.swift; sourceTree = "<group>"; };
		2E3777171F611D5200576F63 /* ZXYBaseViewController.xib */ = {isa = PBXFileReference; fileEncoding = 4; lastKnownFileType = file.xib; path = ZXYBaseViewController.xib; sourceTree = "<group>"; };
		2E37771A1F6130A000576F63 /* TxtFieldTableViewCell.swift */ = {isa = PBXFileReference; fileEncoding = 4; lastKnownFileType = sourcecode.swift; path = TxtFieldTableViewCell.swift; sourceTree = "<group>"; };
		2E37771B1F6130A000576F63 /* TxtFieldTableViewCell.xib */ = {isa = PBXFileReference; fileEncoding = 4; lastKnownFileType = file.xib; path = TxtFieldTableViewCell.xib; sourceTree = "<group>"; };
		2E3777241F629B2700576F63 /* CustomerViewController.swift */ = {isa = PBXFileReference; fileEncoding = 4; lastKnownFileType = sourcecode.swift; path = CustomerViewController.swift; sourceTree = "<group>"; };
		2E3777251F629B2700576F63 /* CustomerViewController.xib */ = {isa = PBXFileReference; fileEncoding = 4; lastKnownFileType = file.xib; path = CustomerViewController.xib; sourceTree = "<group>"; };
		2E4C2E221F6A64DF00442273 /* NewsEntity.swift */ = {isa = PBXFileReference; fileEncoding = 4; lastKnownFileType = sourcecode.swift; path = NewsEntity.swift; sourceTree = "<group>"; };
		2E4C2E241F6A7F2000442273 /* NewsTableViewCell.swift */ = {isa = PBXFileReference; fileEncoding = 4; lastKnownFileType = sourcecode.swift; path = NewsTableViewCell.swift; sourceTree = "<group>"; };
		2E4C2E251F6A7F2000442273 /* NewsTableViewCell.xib */ = {isa = PBXFileReference; fileEncoding = 4; lastKnownFileType = file.xib; path = NewsTableViewCell.xib; sourceTree = "<group>"; };
		2E4C2E2D1F6BA9EF00442273 /* WebViewController.swift */ = {isa = PBXFileReference; fileEncoding = 4; lastKnownFileType = sourcecode.swift; path = WebViewController.swift; sourceTree = "<group>"; };
		2E4C2E2E1F6BA9EF00442273 /* WebViewController.xib */ = {isa = PBXFileReference; fileEncoding = 4; lastKnownFileType = file.xib; path = WebViewController.xib; sourceTree = "<group>"; };
		2E4ECC781F4ED96600E13B08 /* CompEntity.swift */ = {isa = PBXFileReference; fileEncoding = 4; lastKnownFileType = sourcecode.swift; path = CompEntity.swift; sourceTree = "<group>"; };
		2E4ECC7B1F4ED9C600E13B08 /* CommServer.swift */ = {isa = PBXFileReference; fileEncoding = 4; lastKnownFileType = sourcecode.swift; path = CommServer.swift; sourceTree = "<group>"; };
		2E4ECC7C1F4ED9C600E13B08 /* Maco.swift */ = {isa = PBXFileReference; fileEncoding = 4; lastKnownFileType = sourcecode.swift; path = Maco.swift; sourceTree = "<group>"; };
		2E4ECC7D1F4ED9C600E13B08 /* UserEntity.swift */ = {isa = PBXFileReference; fileEncoding = 4; lastKnownFileType = sourcecode.swift; path = UserEntity.swift; sourceTree = "<group>"; };
		2E4ECC811F4EDA0500E13B08 /* AboutViewController.swift */ = {isa = PBXFileReference; fileEncoding = 4; lastKnownFileType = sourcecode.swift; path = AboutViewController.swift; sourceTree = "<group>"; };
		2E4ECC821F4EDA0500E13B08 /* AboutViewController.xib */ = {isa = PBXFileReference; fileEncoding = 4; lastKnownFileType = file.xib; path = AboutViewController.xib; sourceTree = "<group>"; };
		2E4ECC831F4EDA0500E13B08 /* ContactAddViewController.swift */ = {isa = PBXFileReference; fileEncoding = 4; lastKnownFileType = sourcecode.swift; path = ContactAddViewController.swift; sourceTree = "<group>"; };
		2E4ECC841F4EDA0500E13B08 /* ContactAddViewController.xib */ = {isa = PBXFileReference; fileEncoding = 4; lastKnownFileType = file.xib; path = ContactAddViewController.xib; sourceTree = "<group>"; };
		2E4ECC851F4EDA0500E13B08 /* CoustomerViewController.swift */ = {isa = PBXFileReference; fileEncoding = 4; lastKnownFileType = sourcecode.swift; path = CoustomerViewController.swift; sourceTree = "<group>"; };
		2E4ECC861F4EDA0500E13B08 /* CoustomerViewController.xib */ = {isa = PBXFileReference; fileEncoding = 4; lastKnownFileType = file.xib; path = CoustomerViewController.xib; sourceTree = "<group>"; };
		2E4ECC871F4EDA0500E13B08 /* MainViewController.swift */ = {isa = PBXFileReference; fileEncoding = 4; lastKnownFileType = sourcecode.swift; path = MainViewController.swift; sourceTree = "<group>"; };
		2E4ECC881F4EDA0500E13B08 /* MainViewController.xib */ = {isa = PBXFileReference; fileEncoding = 4; lastKnownFileType = file.xib; path = MainViewController.xib; sourceTree = "<group>"; };
		2E4ECC891F4EDA0500E13B08 /* MyGroupViewController.swift */ = {isa = PBXFileReference; fileEncoding = 4; lastKnownFileType = sourcecode.swift; path = MyGroupViewController.swift; sourceTree = "<group>"; };
		2E4ECC8A1F4EDA0500E13B08 /* MyGroupViewController.xib */ = {isa = PBXFileReference; fileEncoding = 4; lastKnownFileType = file.xib; path = MyGroupViewController.xib; sourceTree = "<group>"; };
		2E4ECC8B1F4EDA0500E13B08 /* NewsViewController.swift */ = {isa = PBXFileReference; fileEncoding = 4; lastKnownFileType = sourcecode.swift; path = NewsViewController.swift; sourceTree = "<group>"; };
		2E4ECC8C1F4EDA0500E13B08 /* NewsViewController.xib */ = {isa = PBXFileReference; fileEncoding = 4; lastKnownFileType = file.xib; path = NewsViewController.xib; sourceTree = "<group>"; };
		2E5ED09C1F4576AF000F3C10 /* BusinessListCollectionViewCell.swift */ = {isa = PBXFileReference; fileEncoding = 4; lastKnownFileType = sourcecode.swift; path = BusinessListCollectionViewCell.swift; sourceTree = "<group>"; };
		2E5ED09D1F4576AF000F3C10 /* BusinessListCollectionViewCell.xib */ = {isa = PBXFileReference; fileEncoding = 4; lastKnownFileType = file.xib; path = BusinessListCollectionViewCell.xib; sourceTree = "<group>"; };
		2E698A991F8F521700C740CD /* TwoLablesTableViewCell.swift */ = {isa = PBXFileReference; fileEncoding = 4; lastKnownFileType = sourcecode.swift; path = TwoLablesTableViewCell.swift; sourceTree = "<group>"; };
		2E698A9A1F8F521700C740CD /* TwoLablesTableViewCell.xib */ = {isa = PBXFileReference; fileEncoding = 4; lastKnownFileType = file.xib; path = TwoLablesTableViewCell.xib; sourceTree = "<group>"; };
		2E698A9E1F8F610600C740CD /* Payment_arrears_listViewController.swift */ = {isa = PBXFileReference; fileEncoding = 4; lastKnownFileType = sourcecode.swift; path = Payment_arrears_listViewController.swift; sourceTree = "<group>"; };
		2E698A9F1F8F610600C740CD /* Payment_arrears_listViewController.xib */ = {isa = PBXFileReference; fileEncoding = 4; lastKnownFileType = file.xib; path = Payment_arrears_listViewController.xib; sourceTree = "<group>"; };
		2E6AB9A51F8EF4340079BAD8 /* Birthday_NewsTableViewCell.swift */ = {isa = PBXFileReference; fileEncoding = 4; lastKnownFileType = sourcecode.swift; path = Birthday_NewsTableViewCell.swift; sourceTree = "<group>"; };
		2E6AB9A61F8EF4340079BAD8 /* Birthday_NewsTableViewCell.xib */ = {isa = PBXFileReference; fileEncoding = 4; lastKnownFileType = file.xib; path = Birthday_NewsTableViewCell.xib; sourceTree = "<group>"; };
		2E6AB9A91F8F159A0079BAD8 /* Birthday_DetailViewController.swift */ = {isa = PBXFileReference; fileEncoding = 4; lastKnownFileType = sourcecode.swift; path = Birthday_DetailViewController.swift; sourceTree = "<group>"; };
		2E6AB9AA1F8F159A0079BAD8 /* Birthday_DetailViewController.xib */ = {isa = PBXFileReference; fileEncoding = 4; lastKnownFileType = file.xib; path = Birthday_DetailViewController.xib; sourceTree = "<group>"; };
		2E6AB9AD1F8F3D820079BAD8 /* Birthday_departmentViewController.swift */ = {isa = PBXFileReference; fileEncoding = 4; lastKnownFileType = sourcecode.swift; path = Birthday_departmentViewController.swift; sourceTree = "<group>"; };
		2E6AB9AE1F8F3D820079BAD8 /* Birthday_departmentViewController.xib */ = {isa = PBXFileReference; fileEncoding = 4; lastKnownFileType = file.xib; path = Birthday_departmentViewController.xib; sourceTree = "<group>"; };
		2E6AB9B21F8F48FD0079BAD8 /* Contract_expiresViewController.swift */ = {isa = PBXFileReference; fileEncoding = 4; lastKnownFileType = sourcecode.swift; path = Contract_expiresViewController.swift; sourceTree = "<group>"; };
		2E6AB9B31F8F48FD0079BAD8 /* Contract_expiresViewController.xib */ = {isa = PBXFileReference; fileEncoding = 4; lastKnownFileType = file.xib; path = Contract_expiresViewController.xib; sourceTree = "<group>"; };
		2E6AB9B61F8F4C8C0079BAD8 /* Contract_expries_DetailViewController.swift */ = {isa = PBXFileReference; fileEncoding = 4; lastKnownFileType = sourcecode.swift; path = Contract_expries_DetailViewController.swift; sourceTree = "<group>"; };
		2E6AB9B71F8F4C8C0079BAD8 /* Contract_expries_DetailViewController.xib */ = {isa = PBXFileReference; fileEncoding = 4; lastKnownFileType = file.xib; path = Contract_expries_DetailViewController.xib; sourceTree = "<group>"; };
		2E75A0581F78D881005DF1EC /* P_SpecialListViewController.swift */ = {isa = PBXFileReference; fileEncoding = 4; lastKnownFileType = sourcecode.swift; path = P_SpecialListViewController.swift; sourceTree = "<group>"; };
		2E75A0591F78D881005DF1EC /* P_SpecialListViewController.xib */ = {isa = PBXFileReference; fileEncoding = 4; lastKnownFileType = file.xib; path = P_SpecialListViewController.xib; sourceTree = "<group>"; };
		2E75A0731F78E85C005DF1EC /* shareViewController.swift */ = {isa = PBXFileReference; fileEncoding = 4; lastKnownFileType = sourcecode.swift; path = shareViewController.swift; sourceTree = "<group>"; };
		2E75A0741F78E85C005DF1EC /* shareViewController.xib */ = {isa = PBXFileReference; fileEncoding = 4; lastKnownFileType = file.xib; path = shareViewController.xib; sourceTree = "<group>"; };
		2E75A0771F78F370005DF1EC /* PushSettingViewController.swift */ = {isa = PBXFileReference; fileEncoding = 4; lastKnownFileType = sourcecode.swift; path = PushSettingViewController.swift; sourceTree = "<group>"; };
		2E75A0781F78F370005DF1EC /* PushSettingViewController.xib */ = {isa = PBXFileReference; fileEncoding = 4; lastKnownFileType = file.xib; path = PushSettingViewController.xib; sourceTree = "<group>"; };
		2E75A07B1F78F3D8005DF1EC /* SuggestViewController.swift */ = {isa = PBXFileReference; fileEncoding = 4; lastKnownFileType = sourcecode.swift; path = SuggestViewController.swift; sourceTree = "<group>"; };
		2E75A07C1F78F3D8005DF1EC /* SuggestViewController.xib */ = {isa = PBXFileReference; fileEncoding = 4; lastKnownFileType = file.xib; path = SuggestViewController.xib; sourceTree = "<group>"; };
		2E75A07F1F79E332005DF1EC /* switf-MobileAssistant-Bridging-Header.h */ = {isa = PBXFileReference; lastKnownFileType = sourcecode.c.h; path = "switf-MobileAssistant-Bridging-Header.h"; sourceTree = "<group>"; };
		2E918FEE1F3D899F00B460C9 /* MainTableViewCell.swift */ = {isa = PBXFileReference; fileEncoding = 4; lastKnownFileType = sourcecode.swift; path = MainTableViewCell.swift; sourceTree = "<group>"; };
		2E918FEF1F3D899F00B460C9 /* MainTableViewCell.xib */ = {isa = PBXFileReference; fileEncoding = 4; lastKnownFileType = file.xib; path = MainTableViewCell.xib; sourceTree = "<group>"; };
		2E9A5C4E1F6F62650079660E /* UserTableCellHeaderView.swift */ = {isa = PBXFileReference; fileEncoding = 4; lastKnownFileType = sourcecode.swift; path = UserTableCellHeaderView.swift; sourceTree = "<group>"; };
		2E9A5C501F6F62870079660E /* UserTableCellHeaderView.xib */ = {isa = PBXFileReference; fileEncoding = 4; lastKnownFileType = file.xib; path = UserTableCellHeaderView.xib; sourceTree = "<group>"; };
		2E9A5C521F6F9D2E0079660E /* MainBaseViewController.swift */ = {isa = PBXFileReference; fileEncoding = 4; lastKnownFileType = sourcecode.swift; path = MainBaseViewController.swift; sourceTree = "<group>"; };
		2E9A5C531F6F9D2E0079660E /* MainBaseViewController.xib */ = {isa = PBXFileReference; fileEncoding = 4; lastKnownFileType = file.xib; path = MainBaseViewController.xib; sourceTree = "<group>"; };
		2E9A5C5A1F7390330079660E /* UserLogoutBtnView.xib */ = {isa = PBXFileReference; fileEncoding = 4; lastKnownFileType = file.xib; path = UserLogoutBtnView.xib; sourceTree = "<group>"; };
		2E9A5C5C1F7392BC0079660E /* UserLogoutBtnView.swift */ = {isa = PBXFileReference; fileEncoding = 4; lastKnownFileType = sourcecode.swift; path = UserLogoutBtnView.swift; sourceTree = "<group>"; };
		2E9A5C5E1F749EE30079660E /* UserTaskListTableViewCell.swift */ = {isa = PBXFileReference; fileEncoding = 4; lastKnownFileType = sourcecode.swift; path = UserTaskListTableViewCell.swift; sourceTree = "<group>"; };
		2E9A5C5F1F749EE30079660E /* UserTaskListTableViewCell.xib */ = {isa = PBXFileReference; fileEncoding = 4; lastKnownFileType = file.xib; path = UserTaskListTableViewCell.xib; sourceTree = "<group>"; };
		2EA56DD11F4BBD5C004E4AD0 /* MyGroupTableViewCell.swift */ = {isa = PBXFileReference; fileEncoding = 4; lastKnownFileType = sourcecode.swift; path = MyGroupTableViewCell.swift; sourceTree = "<group>"; };
		2EA56DD21F4BBD5C004E4AD0 /* MyGroupTableViewCell.xib */ = {isa = PBXFileReference; fileEncoding = 4; lastKnownFileType = file.xib; path = MyGroupTableViewCell.xib; sourceTree = "<group>"; };
		2EB8661B1F909D920000F6CF /* small_piece_paperDetailViewController.swift */ = {isa = PBXFileReference; fileEncoding = 4; lastKnownFileType = sourcecode.swift; path = small_piece_paperDetailViewController.swift; sourceTree = "<group>"; };
		2EB8661C1F909D920000F6CF /* small_piece_paperDetailViewController.xib */ = {isa = PBXFileReference; fileEncoding = 4; lastKnownFileType = file.xib; path = small_piece_paperDetailViewController.xib; sourceTree = "<group>"; };
		2EB8E43F1F8CB36A00D561F1 /* XYStartEndDatePicker.swift */ = {isa = PBXFileReference; fileEncoding = 4; lastKnownFileType = sourcecode.swift; path = XYStartEndDatePicker.swift; sourceTree = "<group>"; };
		2EB8E4411F8CBA6300D561F1 /* recommendedViewController.swift */ = {isa = PBXFileReference; fileEncoding = 4; lastKnownFileType = sourcecode.swift; path = recommendedViewController.swift; sourceTree = "<group>"; };
		2EB8E4421F8CBA6300D561F1 /* recommendedViewController.xib */ = {isa = PBXFileReference; fileEncoding = 4; lastKnownFileType = file.xib; path = recommendedViewController.xib; sourceTree = "<group>"; };
		2EB8E4451F8DB8E300D561F1 /* Reommended_DetailViewController.swift */ = {isa = PBXFileReference; fileEncoding = 4; lastKnownFileType = sourcecode.swift; path = Reommended_DetailViewController.swift; sourceTree = "<group>"; };
		2EB8E4461F8DB8E300D561F1 /* Reommended_DetailViewController.xib */ = {isa = PBXFileReference; fileEncoding = 4; lastKnownFileType = file.xib; path = Reommended_DetailViewController.xib; sourceTree = "<group>"; };
		2EB8E4491F8DC46500D561F1 /* Reommened_Detail_HeadViewTableViewCell.swift */ = {isa = PBXFileReference; fileEncoding = 4; lastKnownFileType = sourcecode.swift; path = Reommened_Detail_HeadViewTableViewCell.swift; sourceTree = "<group>"; };
		2EB8E44A1F8DC46500D561F1 /* Reommened_Detail_HeadViewTableViewCell.xib */ = {isa = PBXFileReference; fileEncoding = 4; lastKnownFileType = file.xib; path = Reommened_Detail_HeadViewTableViewCell.xib; sourceTree = "<group>"; };
		2EB8E44D1F8DC47900D561F1 /* Reommened_Detail_FoodViewTableViewCell.swift */ = {isa = PBXFileReference; fileEncoding = 4; lastKnownFileType = sourcecode.swift; path = Reommened_Detail_FoodViewTableViewCell.swift; sourceTree = "<group>"; };
		2EB8E44E1F8DC47900D561F1 /* Reommened_Detail_FoodViewTableViewCell.xib */ = {isa = PBXFileReference; fileEncoding = 4; lastKnownFileType = file.xib; path = Reommened_Detail_FoodViewTableViewCell.xib; sourceTree = "<group>"; };
		2EB8E4521F8E17E600D561F1 /* Birthday_listViewController.swift */ = {isa = PBXFileReference; fileEncoding = 4; lastKnownFileType = sourcecode.swift; path = Birthday_listViewController.swift; sourceTree = "<group>"; };
		2EB8E4531F8E17E600D561F1 /* Birthday_listViewController.xib */ = {isa = PBXFileReference; fileEncoding = 4; lastKnownFileType = file.xib; path = Birthday_listViewController.xib; sourceTree = "<group>"; };
		2EBE3CCF1D9112960086FA45 /* switf-MobileAssistant.app */ = {isa = PBXFileReference; explicitFileType = wrapper.application; includeInIndex = 0; path = "switf-MobileAssistant.app"; sourceTree = BUILT_PRODUCTS_DIR; };
		2EBE3CD21D9112960086FA45 /* AppDelegate.swift */ = {isa = PBXFileReference; lastKnownFileType = sourcecode.swift; path = AppDelegate.swift; sourceTree = "<group>"; };
		2EBE3CD41D9112960086FA45 /* ViewController.swift */ = {isa = PBXFileReference; lastKnownFileType = sourcecode.swift; path = ViewController.swift; sourceTree = "<group>"; };
		2EBE3CD71D9112960086FA45 /* Base */ = {isa = PBXFileReference; lastKnownFileType = file.storyboard; name = Base; path = Base.lproj/Main.storyboard; sourceTree = "<group>"; };
		2EBE3CD91D9112960086FA45 /* Assets.xcassets */ = {isa = PBXFileReference; lastKnownFileType = folder.assetcatalog; path = Assets.xcassets; sourceTree = "<group>"; };
		2EBE3CDC1D9112960086FA45 /* Base */ = {isa = PBXFileReference; lastKnownFileType = file.storyboard; name = Base; path = Base.lproj/LaunchScreen.storyboard; sourceTree = "<group>"; };
		2EBE3CDE1D9112960086FA45 /* Info.plist */ = {isa = PBXFileReference; lastKnownFileType = text.plist.xml; path = Info.plist; sourceTree = "<group>"; };
		2EBE3CE31D9112960086FA45 /* switf-MobileAssistantTests.xctest */ = {isa = PBXFileReference; explicitFileType = wrapper.cfbundle; includeInIndex = 0; path = "switf-MobileAssistantTests.xctest"; sourceTree = BUILT_PRODUCTS_DIR; };
		2EBE3CE71D9112960086FA45 /* switf_MobileAssistantTests.swift */ = {isa = PBXFileReference; lastKnownFileType = sourcecode.swift; path = switf_MobileAssistantTests.swift; sourceTree = "<group>"; };
		2EBE3CE91D9112960086FA45 /* Info.plist */ = {isa = PBXFileReference; lastKnownFileType = text.plist.xml; path = Info.plist; sourceTree = "<group>"; };
		2EBE3CEE1D9112960086FA45 /* switf-MobileAssistantUITests.xctest */ = {isa = PBXFileReference; explicitFileType = wrapper.cfbundle; includeInIndex = 0; path = "switf-MobileAssistantUITests.xctest"; sourceTree = BUILT_PRODUCTS_DIR; };
		2EBE3CF21D9112960086FA45 /* switf_MobileAssistantUITests.swift */ = {isa = PBXFileReference; lastKnownFileType = sourcecode.swift; path = switf_MobileAssistantUITests.swift; sourceTree = "<group>"; };
		2EBE3CF41D9112960086FA45 /* Info.plist */ = {isa = PBXFileReference; lastKnownFileType = text.plist.xml; path = Info.plist; sourceTree = "<group>"; };
		2EBE3D001D9114520086FA45 /* LoginViewController.swift */ = {isa = PBXFileReference; fileEncoding = 4; lastKnownFileType = sourcecode.swift; path = LoginViewController.swift; sourceTree = "<group>"; };
		2EBE3D011D9114520086FA45 /* LoginViewController.xib */ = {isa = PBXFileReference; fileEncoding = 4; lastKnownFileType = file.xib; path = LoginViewController.xib; sourceTree = "<group>"; };
		2EDB73171F78983400FBEEA7 /* This_month_unvisitEntity.swift */ = {isa = PBXFileReference; fileEncoding = 4; lastKnownFileType = sourcecode.swift; path = This_month_unvisitEntity.swift; sourceTree = "<group>"; };
		2EFB93381F7A2CA8001436ED /* ChangePwdViewController.swift */ = {isa = PBXFileReference; fileEncoding = 4; lastKnownFileType = sourcecode.swift; path = ChangePwdViewController.swift; sourceTree = "<group>"; };
		2EFB93391F7A2CA8001436ED /* ChangePwdViewController.xib */ = {isa = PBXFileReference; fileEncoding = 4; lastKnownFileType = file.xib; path = ChangePwdViewController.xib; sourceTree = "<group>"; };
		2EFB933C1F7C9FCE001436ED /* ChangePhoneViewController.swift */ = {isa = PBXFileReference; fileEncoding = 4; lastKnownFileType = sourcecode.swift; path = ChangePhoneViewController.swift; sourceTree = "<group>"; };
		2EFB933D1F7C9FCE001436ED /* ChangePhoneViewController.xib */ = {isa = PBXFileReference; fileEncoding = 4; lastKnownFileType = file.xib; path = ChangePhoneViewController.xib; sourceTree = "<group>"; };
		2EFB93401F7CE084001436ED /* PushSettingTableViewCell.swift */ = {isa = PBXFileReference; fileEncoding = 4; lastKnownFileType = sourcecode.swift; path = PushSettingTableViewCell.swift; sourceTree = "<group>"; };
		2EFB93411F7CE084001436ED /* PushSettingTableViewCell.xib */ = {isa = PBXFileReference; fileEncoding = 4; lastKnownFileType = file.xib; path = PushSettingTableViewCell.xib; sourceTree = "<group>"; };
		2EFB93441F7CE113001436ED /* SwitchTableViewCell.swift */ = {isa = PBXFileReference; fileEncoding = 4; lastKnownFileType = sourcecode.swift; path = SwitchTableViewCell.swift; sourceTree = "<group>"; };
		2EFB93451F7CE113001436ED /* SwitchTableViewCell.xib */ = {isa = PBXFileReference; fileEncoding = 4; lastKnownFileType = file.xib; path = SwitchTableViewCell.xib; sourceTree = "<group>"; };
		BD2E51C3DBEA7613A1C6C157 /* Pods_switf_MobileAssistant.framework */ = {isa = PBXFileReference; explicitFileType = wrapper.framework; includeInIndex = 0; path = Pods_switf_MobileAssistant.framework; sourceTree = BUILT_PRODUCTS_DIR; };
		C4F9F390531B7D84BC33E568 /* Pods-switf-MobileAssistant.debug.xcconfig */ = {isa = PBXFileReference; includeInIndex = 1; lastKnownFileType = text.xcconfig; name = "Pods-switf-MobileAssistant.debug.xcconfig"; path = "Pods/Target Support Files/Pods-switf-MobileAssistant/Pods-switf-MobileAssistant.debug.xcconfig"; sourceTree = "<group>"; };
		C71BCC0124EB83E4D404D987 /* Pods-switf-MobileAssistant.release.xcconfig */ = {isa = PBXFileReference; includeInIndex = 1; lastKnownFileType = text.xcconfig; name = "Pods-switf-MobileAssistant.release.xcconfig"; path = "Pods/Target Support Files/Pods-switf-MobileAssistant/Pods-switf-MobileAssistant.release.xcconfig"; sourceTree = "<group>"; };
		D76A5DE0314A65C80A1252E7 /* Pods.framework */ = {isa = PBXFileReference; explicitFileType = wrapper.framework; includeInIndex = 0; path = Pods.framework; sourceTree = BUILT_PRODUCTS_DIR; };
/* End PBXFileReference section */

/* Begin PBXFrameworksBuildPhase section */
		2EBE3CCC1D9112960086FA45 /* Frameworks */ = {
			isa = PBXFrameworksBuildPhase;
			buildActionMask = 2147483647;
			files = (
				C0069FED9DDE98C7D8CE20A1 /* Pods_switf_MobileAssistant.framework in Frameworks */,
			);
			runOnlyForDeploymentPostprocessing = 0;
		};
		2EBE3CE01D9112960086FA45 /* Frameworks */ = {
			isa = PBXFrameworksBuildPhase;
			buildActionMask = 2147483647;
			files = (
			);
			runOnlyForDeploymentPostprocessing = 0;
		};
		2EBE3CEB1D9112960086FA45 /* Frameworks */ = {
			isa = PBXFrameworksBuildPhase;
			buildActionMask = 2147483647;
			files = (
			);
			runOnlyForDeploymentPostprocessing = 0;
		};
/* End PBXFrameworksBuildPhase section */

/* Begin PBXGroup section */
		2E27C9731F9068BF00C94C24 /* Small_piece_paper */ = {
			isa = PBXGroup;
			children = (
				2E27C9741F9068DD00C94C24 /* small_piece_paperViewController.swift */,
				2E27C9751F9068DD00C94C24 /* small_piece_paperViewController.xib */,
				2EB8661B1F909D920000F6CF /* small_piece_paperDetailViewController.swift */,
				2EB8661C1F909D920000F6CF /* small_piece_paperDetailViewController.xib */,
			);
			path = Small_piece_paper;
			sourceTree = "<group>";
		};
		2E4C2E2C1F6BA9EF00442273 /* Web */ = {
			isa = PBXGroup;
			children = (
				2E4C2E2D1F6BA9EF00442273 /* WebViewController.swift */,
				2E4C2E2E1F6BA9EF00442273 /* WebViewController.xib */,
			);
			path = Web;
			sourceTree = "<group>";
		};
		2E4ECC761F4ED90E00E13B08 /* Common */ = {
			isa = PBXGroup;
			children = (
				2E4ECC7B1F4ED9C600E13B08 /* CommServer.swift */,
				2E4ECC7C1F4ED9C600E13B08 /* Maco.swift */,
				2E4ECC7D1F4ED9C600E13B08 /* UserEntity.swift */,
				2E3777161F611D5200576F63 /* ZXYBaseViewController.swift */,
				2E3777171F611D5200576F63 /* ZXYBaseViewController.xib */,
				2E9A5C521F6F9D2E0079660E /* MainBaseViewController.swift */,
				2E9A5C531F6F9D2E0079660E /* MainBaseViewController.xib */,
				2EB8E43F1F8CB36A00D561F1 /* XYStartEndDatePicker.swift */,
				2E75A07F1F79E332005DF1EC /* switf-MobileAssistant-Bridging-Header.h */,
			);
			path = Common;
			sourceTree = "<group>";
		};
		2E4ECC771F4ED96600E13B08 /* Entity */ = {
			isa = PBXGroup;
			children = (
				2E4ECC781F4ED96600E13B08 /* CompEntity.swift */,
				2E4C2E221F6A64DF00442273 /* NewsEntity.swift */,
				2EDB73171F78983400FBEEA7 /* This_month_unvisitEntity.swift */,
			);
			path = Entity;
			sourceTree = "<group>";
		};
		2E4ECC7A1F4ED98900E13B08 /* Controller */ = {
			isa = PBXGroup;
			children = (
				2E75A0701F78E235005DF1EC /* About */,
				2E4C2E2C1F6BA9EF00442273 /* Web */,
				2E4ECC871F4EDA0500E13B08 /* MainViewController.swift */,
				2E4ECC881F4EDA0500E13B08 /* MainViewController.xib */,
				2E4ECC891F4EDA0500E13B08 /* MyGroupViewController.swift */,
				2E4ECC8A1F4EDA0500E13B08 /* MyGroupViewController.xib */,
				2E4ECC8B1F4EDA0500E13B08 /* NewsViewController.swift */,
				2E4ECC8C1F4EDA0500E13B08 /* NewsViewController.xib */,
				2E4ECC811F4EDA0500E13B08 /* AboutViewController.swift */,
				2E4ECC821F4EDA0500E13B08 /* AboutViewController.xib */,
				2E4ECC831F4EDA0500E13B08 /* ContactAddViewController.swift */,
				2E4ECC841F4EDA0500E13B08 /* ContactAddViewController.xib */,
				2E4ECC851F4EDA0500E13B08 /* CoustomerViewController.swift */,
				2E4ECC861F4EDA0500E13B08 /* CoustomerViewController.xib */,
				2E3777241F629B2700576F63 /* CustomerViewController.swift */,
				2E3777251F629B2700576F63 /* CustomerViewController.xib */,
				2E75A0581F78D881005DF1EC /* P_SpecialListViewController.swift */,
				2E75A0591F78D881005DF1EC /* P_SpecialListViewController.xib */,
			);
			path = Controller;
			sourceTree = "<group>";
		};
		2E698A9D1F8F60EA00C740CD /* Payment_arrears */ = {
			isa = PBXGroup;
			children = (
				2E698A9E1F8F610600C740CD /* Payment_arrears_listViewController.swift */,
				2E698A9F1F8F610600C740CD /* Payment_arrears_listViewController.xib */,
				2E27C96F1F90506000C94C24 /* Arrears_taskViewController.swift */,
				2E27C9701F90506000C94C24 /* Arrears_taskViewController.xib */,
			);
			path = Payment_arrears;
			sourceTree = "<group>";
		};
		2E6AB9B11F8F48E40079BAD8 /* Contract */ = {
			isa = PBXGroup;
			children = (
				2E6AB9B21F8F48FD0079BAD8 /* Contract_expiresViewController.swift */,
				2E6AB9B31F8F48FD0079BAD8 /* Contract_expiresViewController.xib */,
				2E6AB9B61F8F4C8C0079BAD8 /* Contract_expries_DetailViewController.swift */,
				2E6AB9B71F8F4C8C0079BAD8 /* Contract_expries_DetailViewController.xib */,
			);
			path = Contract;
			sourceTree = "<group>";
		};
		2E75A0701F78E235005DF1EC /* About */ = {
			isa = PBXGroup;
			children = (
				2E27C9731F9068BF00C94C24 /* Small_piece_paper */,
				2E698A9D1F8F60EA00C740CD /* Payment_arrears */,
				2E6AB9B11F8F48E40079BAD8 /* Contract */,
				2EB8E4511F8E17C900D561F1 /* Birthday */,
				2E75A0731F78E85C005DF1EC /* shareViewController.swift */,
				2E75A0741F78E85C005DF1EC /* shareViewController.xib */,
				2E75A0771F78F370005DF1EC /* PushSettingViewController.swift */,
				2E75A0781F78F370005DF1EC /* PushSettingViewController.xib */,
				2E75A07B1F78F3D8005DF1EC /* SuggestViewController.swift */,
				2E75A07C1F78F3D8005DF1EC /* SuggestViewController.xib */,
				2EFB93381F7A2CA8001436ED /* ChangePwdViewController.swift */,
				2EFB93391F7A2CA8001436ED /* ChangePwdViewController.xib */,
				2EFB933C1F7C9FCE001436ED /* ChangePhoneViewController.swift */,
				2EFB933D1F7C9FCE001436ED /* ChangePhoneViewController.xib */,
				2EB8E4411F8CBA6300D561F1 /* recommendedViewController.swift */,
				2EB8E4421F8CBA6300D561F1 /* recommendedViewController.xib */,
				2EB8E4451F8DB8E300D561F1 /* Reommended_DetailViewController.swift */,
				2EB8E4461F8DB8E300D561F1 /* Reommended_DetailViewController.xib */,
			);
			path = About;
			sourceTree = "<group>";
		};
		2E918FED1F3D897100B460C9 /* View */ = {
			isa = PBXGroup;
			children = (
				2E918FEE1F3D899F00B460C9 /* MainTableViewCell.swift */,
				2E918FEF1F3D899F00B460C9 /* MainTableViewCell.xib */,
				2E5ED09C1F4576AF000F3C10 /* BusinessListCollectionViewCell.swift */,
				2E5ED09D1F4576AF000F3C10 /* BusinessListCollectionViewCell.xib */,
				2EA56DD11F4BBD5C004E4AD0 /* MyGroupTableViewCell.swift */,
				2EA56DD21F4BBD5C004E4AD0 /* MyGroupTableViewCell.xib */,
				2E37771A1F6130A000576F63 /* TxtFieldTableViewCell.swift */,
				2E37771B1F6130A000576F63 /* TxtFieldTableViewCell.xib */,
				2E4C2E241F6A7F2000442273 /* NewsTableViewCell.swift */,
				2E4C2E251F6A7F2000442273 /* NewsTableViewCell.xib */,
				2E9A5C4E1F6F62650079660E /* UserTableCellHeaderView.swift */,
				2E9A5C501F6F62870079660E /* UserTableCellHeaderView.xib */,
				2E9A5C5C1F7392BC0079660E /* UserLogoutBtnView.swift */,
				2E9A5C5A1F7390330079660E /* UserLogoutBtnView.xib */,
				2E9A5C5E1F749EE30079660E /* UserTaskListTableViewCell.swift */,
				2E9A5C5F1F749EE30079660E /* UserTaskListTableViewCell.xib */,
				2EFB93401F7CE084001436ED /* PushSettingTableViewCell.swift */,
				2EFB93411F7CE084001436ED /* PushSettingTableViewCell.xib */,
				2EFB93441F7CE113001436ED /* SwitchTableViewCell.swift */,
				2EFB93451F7CE113001436ED /* SwitchTableViewCell.xib */,
				2EB8E4491F8DC46500D561F1 /* Reommened_Detail_HeadViewTableViewCell.swift */,
				2EB8E44A1F8DC46500D561F1 /* Reommened_Detail_HeadViewTableViewCell.xib */,
				2EB8E44D1F8DC47900D561F1 /* Reommened_Detail_FoodViewTableViewCell.swift */,
				2EB8E44E1F8DC47900D561F1 /* Reommened_Detail_FoodViewTableViewCell.xib */,
				2E6AB9A51F8EF4340079BAD8 /* Birthday_NewsTableViewCell.swift */,
				2E6AB9A61F8EF4340079BAD8 /* Birthday_NewsTableViewCell.xib */,
				2E698A991F8F521700C740CD /* TwoLablesTableViewCell.swift */,
				2E698A9A1F8F521700C740CD /* TwoLablesTableViewCell.xib */,
				2E27C9781F90696A00C94C24 /* Small_prece_paperTableViewCell.swift */,
				2E27C9791F90696A00C94C24 /* Small_prece_paperTableViewCell.xib */,
			);
			path = View;
			sourceTree = "<group>";
		};
		2EB8E4511F8E17C900D561F1 /* Birthday */ = {
			isa = PBXGroup;
			children = (
				2EB8E4521F8E17E600D561F1 /* Birthday_listViewController.swift */,
				2EB8E4531F8E17E600D561F1 /* Birthday_listViewController.xib */,
				2E6AB9A91F8F159A0079BAD8 /* Birthday_DetailViewController.swift */,
				2E6AB9AA1F8F159A0079BAD8 /* Birthday_DetailViewController.xib */,
				2E6AB9AD1F8F3D820079BAD8 /* Birthday_departmentViewController.swift */,
				2E6AB9AE1F8F3D820079BAD8 /* Birthday_departmentViewController.xib */,
			);
			path = Birthday;
			sourceTree = "<group>";
		};
		2EBE3CC61D9112960086FA45 = {
			isa = PBXGroup;
			children = (
				2EBE3CD11D9112960086FA45 /* switf-MobileAssistant */,
				2EBE3CE61D9112960086FA45 /* switf-MobileAssistantTests */,
				2EBE3CF11D9112960086FA45 /* switf-MobileAssistantUITests */,
				2EBE3CD01D9112960086FA45 /* Products */,
				5F5ABCF2EF7F942FF273FF0B /* Frameworks */,
				CE334F24E717C936B0BD769C /* Pods */,
			);
			sourceTree = "<group>";
		};
		2EBE3CD01D9112960086FA45 /* Products */ = {
			isa = PBXGroup;
			children = (
				2EBE3CCF1D9112960086FA45 /* switf-MobileAssistant.app */,
				2EBE3CE31D9112960086FA45 /* switf-MobileAssistantTests.xctest */,
				2EBE3CEE1D9112960086FA45 /* switf-MobileAssistantUITests.xctest */,
			);
			name = Products;
			sourceTree = "<group>";
		};
		2EBE3CD11D9112960086FA45 /* switf-MobileAssistant */ = {
			isa = PBXGroup;
			children = (
				2E4ECC7A1F4ED98900E13B08 /* Controller */,
				2E4ECC771F4ED96600E13B08 /* Entity */,
				2E4ECC761F4ED90E00E13B08 /* Common */,
				2E918FED1F3D897100B460C9 /* View */,
				2EBE3CD21D9112960086FA45 /* AppDelegate.swift */,
				2EBE3CD41D9112960086FA45 /* ViewController.swift */,
				2EBE3D001D9114520086FA45 /* LoginViewController.swift */,
				2EBE3D011D9114520086FA45 /* LoginViewController.xib */,
				2EBE3CD61D9112960086FA45 /* Main.storyboard */,
				2EBE3CD91D9112960086FA45 /* Assets.xcassets */,
				2EBE3CDB1D9112960086FA45 /* LaunchScreen.storyboard */,
				2EBE3CDE1D9112960086FA45 /* Info.plist */,
			);
			path = "switf-MobileAssistant";
			sourceTree = "<group>";
		};
		2EBE3CE61D9112960086FA45 /* switf-MobileAssistantTests */ = {
			isa = PBXGroup;
			children = (
				2EBE3CE71D9112960086FA45 /* switf_MobileAssistantTests.swift */,
				2EBE3CE91D9112960086FA45 /* Info.plist */,
			);
			path = "switf-MobileAssistantTests";
			sourceTree = "<group>";
		};
		2EBE3CF11D9112960086FA45 /* switf-MobileAssistantUITests */ = {
			isa = PBXGroup;
			children = (
				2EBE3CF21D9112960086FA45 /* switf_MobileAssistantUITests.swift */,
				2EBE3CF41D9112960086FA45 /* Info.plist */,
			);
			path = "switf-MobileAssistantUITests";
			sourceTree = "<group>";
		};
		5F5ABCF2EF7F942FF273FF0B /* Frameworks */ = {
			isa = PBXGroup;
			children = (
				D76A5DE0314A65C80A1252E7 /* Pods.framework */,
				BD2E51C3DBEA7613A1C6C157 /* Pods_switf_MobileAssistant.framework */,
			);
			name = Frameworks;
			sourceTree = "<group>";
		};
		CE334F24E717C936B0BD769C /* Pods */ = {
			isa = PBXGroup;
			children = (
				C4F9F390531B7D84BC33E568 /* Pods-switf-MobileAssistant.debug.xcconfig */,
				C71BCC0124EB83E4D404D987 /* Pods-switf-MobileAssistant.release.xcconfig */,
			);
			name = Pods;
			sourceTree = "<group>";
		};
/* End PBXGroup section */

/* Begin PBXNativeTarget section */
		2EBE3CCE1D9112960086FA45 /* switf-MobileAssistant */ = {
			isa = PBXNativeTarget;
			buildConfigurationList = 2EBE3CF71D9112960086FA45 /* Build configuration list for PBXNativeTarget "switf-MobileAssistant" */;
			buildPhases = (
				5179858D7A0F02C8CF36BC4E /* [CP] Check Pods Manifest.lock */,
				2EBE3CCB1D9112960086FA45 /* Sources */,
				2EBE3CCC1D9112960086FA45 /* Frameworks */,
				2EBE3CCD1D9112960086FA45 /* Resources */,
				CABD7B85B0CD48F300919759 /* [CP] Embed Pods Frameworks */,
				BCEFEB7282C84B368128D05A /* [CP] Copy Pods Resources */,
			);
			buildRules = (
			);
			dependencies = (
			);
			name = "switf-MobileAssistant";
			productName = "switf-MobileAssistant";
			productReference = 2EBE3CCF1D9112960086FA45 /* switf-MobileAssistant.app */;
			productType = "com.apple.product-type.application";
		};
		2EBE3CE21D9112960086FA45 /* switf-MobileAssistantTests */ = {
			isa = PBXNativeTarget;
			buildConfigurationList = 2EBE3CFA1D9112960086FA45 /* Build configuration list for PBXNativeTarget "switf-MobileAssistantTests" */;
			buildPhases = (
				2EBE3CDF1D9112960086FA45 /* Sources */,
				2EBE3CE01D9112960086FA45 /* Frameworks */,
				2EBE3CE11D9112960086FA45 /* Resources */,
			);
			buildRules = (
			);
			dependencies = (
				2EBE3CE51D9112960086FA45 /* PBXTargetDependency */,
			);
			name = "switf-MobileAssistantTests";
			productName = "switf-MobileAssistantTests";
			productReference = 2EBE3CE31D9112960086FA45 /* switf-MobileAssistantTests.xctest */;
			productType = "com.apple.product-type.bundle.unit-test";
		};
		2EBE3CED1D9112960086FA45 /* switf-MobileAssistantUITests */ = {
			isa = PBXNativeTarget;
			buildConfigurationList = 2EBE3CFD1D9112960086FA45 /* Build configuration list for PBXNativeTarget "switf-MobileAssistantUITests" */;
			buildPhases = (
				2EBE3CEA1D9112960086FA45 /* Sources */,
				2EBE3CEB1D9112960086FA45 /* Frameworks */,
				2EBE3CEC1D9112960086FA45 /* Resources */,
			);
			buildRules = (
			);
			dependencies = (
				2EBE3CF01D9112960086FA45 /* PBXTargetDependency */,
			);
			name = "switf-MobileAssistantUITests";
			productName = "switf-MobileAssistantUITests";
			productReference = 2EBE3CEE1D9112960086FA45 /* switf-MobileAssistantUITests.xctest */;
			productType = "com.apple.product-type.bundle.ui-testing";
		};
/* End PBXNativeTarget section */

/* Begin PBXProject section */
		2EBE3CC71D9112960086FA45 /* Project object */ = {
			isa = PBXProject;
			attributes = {
				LastSwiftUpdateCheck = 0800;
				LastUpgradeCheck = 0830;
				ORGANIZATIONNAME = zxy;
				TargetAttributes = {
					2EBE3CCE1D9112960086FA45 = {
						CreatedOnToolsVersion = 8.0;
						DevelopmentTeam = C2QBXRMTCP;
						LastSwiftMigration = 0830;
						ProvisioningStyle = Automatic;
					};
					2EBE3CE21D9112960086FA45 = {
						CreatedOnToolsVersion = 8.0;
						DevelopmentTeam = C2QBXRMTCP;
						LastSwiftMigration = 0810;
						ProvisioningStyle = Automatic;
						TestTargetID = 2EBE3CCE1D9112960086FA45;
					};
					2EBE3CED1D9112960086FA45 = {
						CreatedOnToolsVersion = 8.0;
						DevelopmentTeam = C2QBXRMTCP;
						LastSwiftMigration = 0810;
						ProvisioningStyle = Automatic;
						TestTargetID = 2EBE3CCE1D9112960086FA45;
					};
				};
			};
			buildConfigurationList = 2EBE3CCA1D9112960086FA45 /* Build configuration list for PBXProject "switf-MobileAssistant" */;
			compatibilityVersion = "Xcode 3.2";
			developmentRegion = English;
			hasScannedForEncodings = 0;
			knownRegions = (
				en,
				Base,
			);
			mainGroup = 2EBE3CC61D9112960086FA45;
			productRefGroup = 2EBE3CD01D9112960086FA45 /* Products */;
			projectDirPath = "";
			projectRoot = "";
			targets = (
				2EBE3CCE1D9112960086FA45 /* switf-MobileAssistant */,
				2EBE3CE21D9112960086FA45 /* switf-MobileAssistantTests */,
				2EBE3CED1D9112960086FA45 /* switf-MobileAssistantUITests */,
			);
		};
/* End PBXProject section */

/* Begin PBXResourcesBuildPhase section */
		2EBE3CCD1D9112960086FA45 /* Resources */ = {
			isa = PBXResourcesBuildPhase;
			buildActionMask = 2147483647;
			files = (
				2E9A5C511F6F62870079660E /* UserTableCellHeaderView.xib in Resources */,
				2EFB93431F7CE084001436ED /* PushSettingTableViewCell.xib in Resources */,
				2E4ECC981F4EDA0500E13B08 /* NewsViewController.xib in Resources */,
				2E918FF11F3D899F00B460C9 /* MainTableViewCell.xib in Resources */,
				2E9A5C5B1F7390330079660E /* UserLogoutBtnView.xib in Resources */,
				2E698A9C1F8F521700C740CD /* TwoLablesTableViewCell.xib in Resources */,
				2E4C2E271F6A7F2000442273 /* NewsTableViewCell.xib in Resources */,
				2E75A05B1F78D881005DF1EC /* P_SpecialListViewController.xib in Resources */,
				2E9A5C611F749EE30079660E /* UserTaskListTableViewCell.xib in Resources */,
				2E4C2E301F6BA9EF00442273 /* WebViewController.xib in Resources */,
				2E6AB9AC1F8F159A0079BAD8 /* Birthday_DetailViewController.xib in Resources */,
				2E4ECC901F4EDA0500E13B08 /* ContactAddViewController.xib in Resources */,
				2E27C9771F9068DD00C94C24 /* small_piece_paperViewController.xib in Resources */,
				2EB8E44C1F8DC46500D561F1 /* Reommened_Detail_HeadViewTableViewCell.xib in Resources */,
				2EA56DD41F4BBD5C004E4AD0 /* MyGroupTableViewCell.xib in Resources */,
				2E4ECC8E1F4EDA0500E13B08 /* AboutViewController.xib in Resources */,
				2EBE3D031D9114520086FA45 /* LoginViewController.xib in Resources */,
				2E698AA11F8F610600C740CD /* Payment_arrears_listViewController.xib in Resources */,
				2E6AB9B51F8F48FD0079BAD8 /* Contract_expiresViewController.xib in Resources */,
				2EB8E4481F8DB8E300D561F1 /* Reommended_DetailViewController.xib in Resources */,
				2E4ECC941F4EDA0500E13B08 /* MainViewController.xib in Resources */,
				2EFB933F1F7C9FCE001436ED /* ChangePhoneViewController.xib in Resources */,
				2EB8E4551F8E17E600D561F1 /* Birthday_listViewController.xib in Resources */,
				2E5ED09F1F4576AF000F3C10 /* BusinessListCollectionViewCell.xib in Resources */,
				2E75A07A1F78F370005DF1EC /* PushSettingViewController.xib in Resources */,
				2EB8661E1F909D920000F6CF /* small_piece_paperDetailViewController.xib in Resources */,
				2EBE3CDD1D9112960086FA45 /* LaunchScreen.storyboard in Resources */,
				2E6AB9A81F8EF4340079BAD8 /* Birthday_NewsTableViewCell.xib in Resources */,
				2E6AB9B91F8F4C8C0079BAD8 /* Contract_expries_DetailViewController.xib in Resources */,
				2EB8E4441F8CBA6300D561F1 /* recommendedViewController.xib in Resources */,
				2E4ECC961F4EDA0500E13B08 /* MyGroupViewController.xib in Resources */,
				2E75A07E1F78F3D8005DF1EC /* SuggestViewController.xib in Resources */,
				2E37771D1F6130A000576F63 /* TxtFieldTableViewCell.xib in Resources */,
				2EFB93471F7CE113001436ED /* SwitchTableViewCell.xib in Resources */,
				2E9A5C551F6F9D2E0079660E /* MainBaseViewController.xib in Resources */,
				2E75A0761F78E85C005DF1EC /* shareViewController.xib in Resources */,
				2EBE3CDA1D9112960086FA45 /* Assets.xcassets in Resources */,
				2E3777271F629B2700576F63 /* CustomerViewController.xib in Resources */,
				2EFB933B1F7A2CA8001436ED /* ChangePwdViewController.xib in Resources */,
				2E6AB9B01F8F3D820079BAD8 /* Birthday_departmentViewController.xib in Resources */,
				2EB8E4501F8DC47900D561F1 /* Reommened_Detail_FoodViewTableViewCell.xib in Resources */,
				2E27C97B1F90696A00C94C24 /* Small_prece_paperTableViewCell.xib in Resources */,
				2E3777191F611D5200576F63 /* ZXYBaseViewController.xib in Resources */,
				2E4ECC921F4EDA0500E13B08 /* CoustomerViewController.xib in Resources */,
				2E27C9721F90506000C94C24 /* Arrears_taskViewController.xib in Resources */,
				2EBE3CD81D9112960086FA45 /* Main.storyboard in Resources */,
			);
			runOnlyForDeploymentPostprocessing = 0;
		};
		2EBE3CE11D9112960086FA45 /* Resources */ = {
			isa = PBXResourcesBuildPhase;
			buildActionMask = 2147483647;
			files = (
			);
			runOnlyForDeploymentPostprocessing = 0;
		};
		2EBE3CEC1D9112960086FA45 /* Resources */ = {
			isa = PBXResourcesBuildPhase;
			buildActionMask = 2147483647;
			files = (
			);
			runOnlyForDeploymentPostprocessing = 0;
		};
/* End PBXResourcesBuildPhase section */

/* Begin PBXShellScriptBuildPhase section */
		5179858D7A0F02C8CF36BC4E /* [CP] Check Pods Manifest.lock */ = {
			isa = PBXShellScriptBuildPhase;
			buildActionMask = 2147483647;
			files = (
			);
			inputPaths = (
			);
			name = "[CP] Check Pods Manifest.lock";
			outputPaths = (
			);
			runOnlyForDeploymentPostprocessing = 0;
			shellPath = /bin/sh;
			shellScript = "diff \"${PODS_PODFILE_DIR_PATH}/Podfile.lock\" \"${PODS_ROOT}/Manifest.lock\" > /dev/null\nif [ $? != 0 ] ; then\n    # print error to STDERR\n    echo \"error: The sandbox is not in sync with the Podfile.lock. Run 'pod install' or update your CocoaPods installation.\" >&2\n    exit 1\nfi\n";
			showEnvVarsInLog = 0;
		};
		BCEFEB7282C84B368128D05A /* [CP] Copy Pods Resources */ = {
			isa = PBXShellScriptBuildPhase;
			buildActionMask = 2147483647;
			files = (
			);
			inputPaths = (
			);
			name = "[CP] Copy Pods Resources";
			outputPaths = (
			);
			runOnlyForDeploymentPostprocessing = 0;
			shellPath = /bin/sh;
			shellScript = "\"${SRCROOT}/Pods/Target Support Files/Pods-switf-MobileAssistant/Pods-switf-MobileAssistant-resources.sh\"\n";
			showEnvVarsInLog = 0;
		};
		CABD7B85B0CD48F300919759 /* [CP] Embed Pods Frameworks */ = {
			isa = PBXShellScriptBuildPhase;
			buildActionMask = 2147483647;
			files = (
			);
			inputPaths = (
			);
			name = "[CP] Embed Pods Frameworks";
			outputPaths = (
			);
			runOnlyForDeploymentPostprocessing = 0;
			shellPath = /bin/sh;
			shellScript = "\"${SRCROOT}/Pods/Target Support Files/Pods-switf-MobileAssistant/Pods-switf-MobileAssistant-frameworks.sh\"\n";
			showEnvVarsInLog = 0;
		};
/* End PBXShellScriptBuildPhase section */

/* Begin PBXSourcesBuildPhase section */
		2EBE3CCB1D9112960086FA45 /* Sources */ = {
			isa = PBXSourcesBuildPhase;
			buildActionMask = 2147483647;
			files = (
				2E75A0751F78E85C005DF1EC /* shareViewController.swift in Sources */,
				2EB8E44B1F8DC46500D561F1 /* Reommened_Detail_HeadViewTableViewCell.swift in Sources */,
				2E4ECC801F4ED9C600E13B08 /* UserEntity.swift in Sources */,
				2EFB93461F7CE113001436ED /* SwitchTableViewCell.swift in Sources */,
				2E4C2E2F1F6BA9EF00442273 /* WebViewController.swift in Sources */,
				2EBE3D021D9114520086FA45 /* LoginViewController.swift in Sources */,
				2E4ECC8D1F4EDA0500E13B08 /* AboutViewController.swift in Sources */,
				2E4ECC951F4EDA0500E13B08 /* MyGroupViewController.swift in Sources */,
				2EBE3CD51D9112960086FA45 /* ViewController.swift in Sources */,
				2E9A5C541F6F9D2E0079660E /* MainBaseViewController.swift in Sources */,
				2E6AB9A71F8EF4340079BAD8 /* Birthday_NewsTableViewCell.swift in Sources */,
				2EFB933A1F7A2CA8001436ED /* ChangePwdViewController.swift in Sources */,
				2E6AB9B41F8F48FD0079BAD8 /* Contract_expiresViewController.swift in Sources */,
				2E4ECC7E1F4ED9C600E13B08 /* CommServer.swift in Sources */,
				2EB8E4401F8CB36A00D561F1 /* XYStartEndDatePicker.swift in Sources */,
				2EFB93421F7CE084001436ED /* PushSettingTableViewCell.swift in Sources */,
				2E6AB9B81F8F4C8C0079BAD8 /* Contract_expries_DetailViewController.swift in Sources */,
				2E918FF01F3D899F00B460C9 /* MainTableViewCell.swift in Sources */,
				2E4ECC911F4EDA0500E13B08 /* CoustomerViewController.swift in Sources */,
				2E4C2E261F6A7F2000442273 /* NewsTableViewCell.swift in Sources */,
				2E4ECC931F4EDA0500E13B08 /* MainViewController.swift in Sources */,
				2EB8E4431F8CBA6300D561F1 /* recommendedViewController.swift in Sources */,
				2E9A5C4F1F6F62650079660E /* UserTableCellHeaderView.swift in Sources */,
				2EFB933E1F7C9FCE001436ED /* ChangePhoneViewController.swift in Sources */,
				2E4ECC7F1F4ED9C600E13B08 /* Maco.swift in Sources */,
				2EB8661D1F909D920000F6CF /* small_piece_paperDetailViewController.swift in Sources */,
				2E5ED09E1F4576AF000F3C10 /* BusinessListCollectionViewCell.swift in Sources */,
				2E698AA01F8F610600C740CD /* Payment_arrears_listViewController.swift in Sources */,
				2E3777181F611D5200576F63 /* ZXYBaseViewController.swift in Sources */,
				2E27C97A1F90696A00C94C24 /* Small_prece_paperTableViewCell.swift in Sources */,
				2EA56DD31F4BBD5C004E4AD0 /* MyGroupTableViewCell.swift in Sources */,
				2E4ECC8F1F4EDA0500E13B08 /* ContactAddViewController.swift in Sources */,
				2EB8E44F1F8DC47900D561F1 /* Reommened_Detail_FoodViewTableViewCell.swift in Sources */,
				2E3777261F629B2700576F63 /* CustomerViewController.swift in Sources */,
				2E9A5C601F749EE30079660E /* UserTaskListTableViewCell.swift in Sources */,
				2E4ECC791F4ED96600E13B08 /* CompEntity.swift in Sources */,
				2E27C9761F9068DD00C94C24 /* small_piece_paperViewController.swift in Sources */,
				2E37771C1F6130A000576F63 /* TxtFieldTableViewCell.swift in Sources */,
				2E27C9711F90506000C94C24 /* Arrears_taskViewController.swift in Sources */,
				2EDB73181F78983400FBEEA7 /* This_month_unvisitEntity.swift in Sources */,
				2E4C2E231F6A64DF00442273 /* NewsEntity.swift in Sources */,
				2EB8E4471F8DB8E300D561F1 /* Reommended_DetailViewController.swift in Sources */,
				2E75A0791F78F370005DF1EC /* PushSettingViewController.swift in Sources */,
				2E9A5C5D1F7392BC0079660E /* UserLogoutBtnView.swift in Sources */,
				2E75A05A1F78D881005DF1EC /* P_SpecialListViewController.swift in Sources */,
				2E6AB9AB1F8F159A0079BAD8 /* Birthday_DetailViewController.swift in Sources */,
				2E6AB9AF1F8F3D820079BAD8 /* Birthday_departmentViewController.swift in Sources */,
				2EBE3CD31D9112960086FA45 /* AppDelegate.swift in Sources */,
				2E4ECC971F4EDA0500E13B08 /* NewsViewController.swift in Sources */,
				2E698A9B1F8F521700C740CD /* TwoLablesTableViewCell.swift in Sources */,
				2E75A07D1F78F3D8005DF1EC /* SuggestViewController.swift in Sources */,
				2EB8E4541F8E17E600D561F1 /* Birthday_listViewController.swift in Sources */,
			);
			runOnlyForDeploymentPostprocessing = 0;
		};
		2EBE3CDF1D9112960086FA45 /* Sources */ = {
			isa = PBXSourcesBuildPhase;
			buildActionMask = 2147483647;
			files = (
				2EBE3CE81D9112960086FA45 /* switf_MobileAssistantTests.swift in Sources */,
			);
			runOnlyForDeploymentPostprocessing = 0;
		};
		2EBE3CEA1D9112960086FA45 /* Sources */ = {
			isa = PBXSourcesBuildPhase;
			buildActionMask = 2147483647;
			files = (
				2EBE3CF31D9112960086FA45 /* switf_MobileAssistantUITests.swift in Sources */,
			);
			runOnlyForDeploymentPostprocessing = 0;
		};
/* End PBXSourcesBuildPhase section */

/* Begin PBXTargetDependency section */
		2EBE3CE51D9112960086FA45 /* PBXTargetDependency */ = {
			isa = PBXTargetDependency;
			target = 2EBE3CCE1D9112960086FA45 /* switf-MobileAssistant */;
			targetProxy = 2EBE3CE41D9112960086FA45 /* PBXContainerItemProxy */;
		};
		2EBE3CF01D9112960086FA45 /* PBXTargetDependency */ = {
			isa = PBXTargetDependency;
			target = 2EBE3CCE1D9112960086FA45 /* switf-MobileAssistant */;
			targetProxy = 2EBE3CEF1D9112960086FA45 /* PBXContainerItemProxy */;
		};
/* End PBXTargetDependency section */

/* Begin PBXVariantGroup section */
		2EBE3CD61D9112960086FA45 /* Main.storyboard */ = {
			isa = PBXVariantGroup;
			children = (
				2EBE3CD71D9112960086FA45 /* Base */,
			);
			name = Main.storyboard;
			sourceTree = "<group>";
		};
		2EBE3CDB1D9112960086FA45 /* LaunchScreen.storyboard */ = {
			isa = PBXVariantGroup;
			children = (
				2EBE3CDC1D9112960086FA45 /* Base */,
			);
			name = LaunchScreen.storyboard;
			sourceTree = "<group>";
		};
/* End PBXVariantGroup section */

/* Begin XCBuildConfiguration section */
		2EBE3CF51D9112960086FA45 /* Debug */ = {
			isa = XCBuildConfiguration;
			buildSettings = {
				ALWAYS_SEARCH_USER_PATHS = NO;
				CLANG_ANALYZER_NONNULL = YES;
				CLANG_CXX_LANGUAGE_STANDARD = "gnu++0x";
				CLANG_CXX_LIBRARY = "libc++";
				CLANG_ENABLE_MODULES = YES;
				CLANG_ENABLE_OBJC_ARC = YES;
				CLANG_WARN_BOOL_CONVERSION = YES;
				CLANG_WARN_CONSTANT_CONVERSION = YES;
				CLANG_WARN_DIRECT_OBJC_ISA_USAGE = YES_ERROR;
				CLANG_WARN_DOCUMENTATION_COMMENTS = YES;
				CLANG_WARN_EMPTY_BODY = YES;
				CLANG_WARN_ENUM_CONVERSION = YES;
				CLANG_WARN_INFINITE_RECURSION = YES;
				CLANG_WARN_INT_CONVERSION = YES;
				CLANG_WARN_OBJC_ROOT_CLASS = YES_ERROR;
				CLANG_WARN_SUSPICIOUS_MOVE = YES;
				CLANG_WARN_SUSPICIOUS_MOVES = YES;
				CLANG_WARN_UNREACHABLE_CODE = YES;
				CLANG_WARN__DUPLICATE_METHOD_MATCH = YES;
				"CODE_SIGN_IDENTITY[sdk=iphoneos*]" = "iPhone Developer";
				COPY_PHASE_STRIP = NO;
				DEBUG_INFORMATION_FORMAT = dwarf;
				ENABLE_STRICT_OBJC_MSGSEND = YES;
				ENABLE_TESTABILITY = YES;
				GCC_C_LANGUAGE_STANDARD = gnu99;
				GCC_DYNAMIC_NO_PIC = NO;
				GCC_NO_COMMON_BLOCKS = YES;
				GCC_OPTIMIZATION_LEVEL = 0;
				GCC_PREPROCESSOR_DEFINITIONS = (
					"DEBUG=1",
					"$(inherited)",
				);
				GCC_WARN_64_TO_32_BIT_CONVERSION = YES;
				GCC_WARN_ABOUT_RETURN_TYPE = YES_ERROR;
				GCC_WARN_UNDECLARED_SELECTOR = YES;
				GCC_WARN_UNINITIALIZED_AUTOS = YES_AGGRESSIVE;
				GCC_WARN_UNUSED_FUNCTION = YES;
				GCC_WARN_UNUSED_VARIABLE = YES;
				IPHONEOS_DEPLOYMENT_TARGET = 10.0;
				MTL_ENABLE_DEBUG_INFO = YES;
				ONLY_ACTIVE_ARCH = YES;
				SDKROOT = iphoneos;
				SWIFT_ACTIVE_COMPILATION_CONDITIONS = DEBUG;
				SWIFT_OPTIMIZATION_LEVEL = "-Onone";
				TARGETED_DEVICE_FAMILY = "1,2";
			};
			name = Debug;
		};
		2EBE3CF61D9112960086FA45 /* Release */ = {
			isa = XCBuildConfiguration;
			buildSettings = {
				ALWAYS_SEARCH_USER_PATHS = NO;
				CLANG_ANALYZER_NONNULL = YES;
				CLANG_CXX_LANGUAGE_STANDARD = "gnu++0x";
				CLANG_CXX_LIBRARY = "libc++";
				CLANG_ENABLE_MODULES = YES;
				CLANG_ENABLE_OBJC_ARC = YES;
				CLANG_WARN_BOOL_CONVERSION = YES;
				CLANG_WARN_CONSTANT_CONVERSION = YES;
				CLANG_WARN_DIRECT_OBJC_ISA_USAGE = YES_ERROR;
				CLANG_WARN_DOCUMENTATION_COMMENTS = YES;
				CLANG_WARN_EMPTY_BODY = YES;
				CLANG_WARN_ENUM_CONVERSION = YES;
				CLANG_WARN_INFINITE_RECURSION = YES;
				CLANG_WARN_INT_CONVERSION = YES;
				CLANG_WARN_OBJC_ROOT_CLASS = YES_ERROR;
				CLANG_WARN_SUSPICIOUS_MOVE = YES;
				CLANG_WARN_SUSPICIOUS_MOVES = YES;
				CLANG_WARN_UNREACHABLE_CODE = YES;
				CLANG_WARN__DUPLICATE_METHOD_MATCH = YES;
				"CODE_SIGN_IDENTITY[sdk=iphoneos*]" = "iPhone Developer";
				COPY_PHASE_STRIP = NO;
				DEBUG_INFORMATION_FORMAT = "dwarf-with-dsym";
				ENABLE_NS_ASSERTIONS = NO;
				ENABLE_STRICT_OBJC_MSGSEND = YES;
				GCC_C_LANGUAGE_STANDARD = gnu99;
				GCC_NO_COMMON_BLOCKS = YES;
				GCC_WARN_64_TO_32_BIT_CONVERSION = YES;
				GCC_WARN_ABOUT_RETURN_TYPE = YES_ERROR;
				GCC_WARN_UNDECLARED_SELECTOR = YES;
				GCC_WARN_UNINITIALIZED_AUTOS = YES_AGGRESSIVE;
				GCC_WARN_UNUSED_FUNCTION = YES;
				GCC_WARN_UNUSED_VARIABLE = YES;
				IPHONEOS_DEPLOYMENT_TARGET = 10.0;
				MTL_ENABLE_DEBUG_INFO = NO;
				SDKROOT = iphoneos;
				SWIFT_OPTIMIZATION_LEVEL = "-Owholemodule";
				TARGETED_DEVICE_FAMILY = "1,2";
				VALIDATE_PRODUCT = YES;
			};
			name = Release;
		};
		2EBE3CF81D9112960086FA45 /* Debug */ = {
			isa = XCBuildConfiguration;
			baseConfigurationReference = C4F9F390531B7D84BC33E568 /* Pods-switf-MobileAssistant.debug.xcconfig */;
			buildSettings = {
				ALWAYS_EMBED_SWIFT_STANDARD_LIBRARIES = YES;
				ASSETCATALOG_COMPILER_APPICON_NAME = AppIcon;
				CLANG_ENABLE_MODULES = YES;
				DEVELOPMENT_TEAM = C2QBXRMTCP;
				INFOPLIST_FILE = "switf-MobileAssistant/Info.plist";
				IPHONEOS_DEPLOYMENT_TARGET = 9.0;
				LD_RUNPATH_SEARCH_PATHS = "$(inherited) @executable_path/Frameworks";
				ONLY_ACTIVE_ARCH = YES;
				PRODUCT_BUNDLE_IDENTIFIER = "com.zxy.switf-MobileAssistant";
				PRODUCT_NAME = "$(TARGET_NAME)";
				SWIFT_OBJC_BRIDGING_HEADER = "switf-MobileAssistant/Common/switf-MobileAssistant-Bridging-Header.h";
				SWIFT_OPTIMIZATION_LEVEL = "-Onone";
				SWIFT_VERSION = 3.0;
				USER_HEADER_SEARCH_PATHS = "${SRCROOT}/**";
				VALID_ARCHS = "arm64 armv7 armv7s";
			};
			name = Debug;
		};
		2EBE3CF91D9112960086FA45 /* Release */ = {
			isa = XCBuildConfiguration;
			baseConfigurationReference = C71BCC0124EB83E4D404D987 /* Pods-switf-MobileAssistant.release.xcconfig */;
			buildSettings = {
				ALWAYS_EMBED_SWIFT_STANDARD_LIBRARIES = YES;
				ASSETCATALOG_COMPILER_APPICON_NAME = AppIcon;
				CLANG_ENABLE_MODULES = YES;
				DEVELOPMENT_TEAM = C2QBXRMTCP;
				INFOPLIST_FILE = "switf-MobileAssistant/Info.plist";
				IPHONEOS_DEPLOYMENT_TARGET = 9.0;
				LD_RUNPATH_SEARCH_PATHS = "$(inherited) @executable_path/Frameworks";
				ONLY_ACTIVE_ARCH = YES;
				PRODUCT_BUNDLE_IDENTIFIER = "com.zxy.switf-MobileAssistant";
				PRODUCT_NAME = "$(TARGET_NAME)";
				SWIFT_OBJC_BRIDGING_HEADER = "switf-MobileAssistant/Common/switf-MobileAssistant-Bridging-Header.h";
				SWIFT_VERSION = 3.0;
				USER_HEADER_SEARCH_PATHS = "${SRCROOT}/**";
				VALID_ARCHS = "arm64 armv7 armv7s";
			};
			name = Release;
		};
		2EBE3CFB1D9112960086FA45 /* Debug */ = {
			isa = XCBuildConfiguration;
			buildSettings = {
				ALWAYS_EMBED_SWIFT_STANDARD_LIBRARIES = YES;
				BUNDLE_LOADER = "$(TEST_HOST)";
				DEVELOPMENT_TEAM = C2QBXRMTCP;
				INFOPLIST_FILE = "switf-MobileAssistantTests/Info.plist";
				LD_RUNPATH_SEARCH_PATHS = "$(inherited) @executable_path/Frameworks @loader_path/Frameworks";
				PRODUCT_BUNDLE_IDENTIFIER = "com.zxy.switf-MobileAssistantTests";
				PRODUCT_NAME = "$(TARGET_NAME)";
				SWIFT_VERSION = 3.0;
				TEST_HOST = "$(BUILT_PRODUCTS_DIR)/switf-MobileAssistant.app/switf-MobileAssistant";
			};
			name = Debug;
		};
		2EBE3CFC1D9112960086FA45 /* Release */ = {
			isa = XCBuildConfiguration;
			buildSettings = {
				ALWAYS_EMBED_SWIFT_STANDARD_LIBRARIES = YES;
				BUNDLE_LOADER = "$(TEST_HOST)";
				DEVELOPMENT_TEAM = C2QBXRMTCP;
				INFOPLIST_FILE = "switf-MobileAssistantTests/Info.plist";
				LD_RUNPATH_SEARCH_PATHS = "$(inherited) @executable_path/Frameworks @loader_path/Frameworks";
				PRODUCT_BUNDLE_IDENTIFIER = "com.zxy.switf-MobileAssistantTests";
				PRODUCT_NAME = "$(TARGET_NAME)";
				SWIFT_VERSION = 3.0;
				TEST_HOST = "$(BUILT_PRODUCTS_DIR)/switf-MobileAssistant.app/switf-MobileAssistant";
			};
			name = Release;
		};
		2EBE3CFE1D9112960086FA45 /* Debug */ = {
			isa = XCBuildConfiguration;
			buildSettings = {
				ALWAYS_EMBED_SWIFT_STANDARD_LIBRARIES = YES;
				DEVELOPMENT_TEAM = C2QBXRMTCP;
				INFOPLIST_FILE = "switf-MobileAssistantUITests/Info.plist";
				LD_RUNPATH_SEARCH_PATHS = "$(inherited) @executable_path/Frameworks @loader_path/Frameworks";
				PRODUCT_BUNDLE_IDENTIFIER = "com.zxy.switf-MobileAssistantUITests";
				PRODUCT_NAME = "$(TARGET_NAME)";
				SWIFT_VERSION = 3.0;
				TEST_TARGET_NAME = "switf-MobileAssistant";
			};
			name = Debug;
		};
		2EBE3CFF1D9112960086FA45 /* Release */ = {
			isa = XCBuildConfiguration;
			buildSettings = {
				ALWAYS_EMBED_SWIFT_STANDARD_LIBRARIES = YES;
				DEVELOPMENT_TEAM = C2QBXRMTCP;
				INFOPLIST_FILE = "switf-MobileAssistantUITests/Info.plist";
				LD_RUNPATH_SEARCH_PATHS = "$(inherited) @executable_path/Frameworks @loader_path/Frameworks";
				PRODUCT_BUNDLE_IDENTIFIER = "com.zxy.switf-MobileAssistantUITests";
				PRODUCT_NAME = "$(TARGET_NAME)";
				SWIFT_VERSION = 3.0;
				TEST_TARGET_NAME = "switf-MobileAssistant";
			};
			name = Release;
		};
/* End XCBuildConfiguration section */

/* Begin XCConfigurationList section */
		2EBE3CCA1D9112960086FA45 /* Build configuration list for PBXProject "switf-MobileAssistant" */ = {
			isa = XCConfigurationList;
			buildConfigurations = (
				2EBE3CF51D9112960086FA45 /* Debug */,
				2EBE3CF61D9112960086FA45 /* Release */,
			);
			defaultConfigurationIsVisible = 0;
			defaultConfigurationName = Release;
		};
		2EBE3CF71D9112960086FA45 /* Build configuration list for PBXNativeTarget "switf-MobileAssistant" */ = {
			isa = XCConfigurationList;
			buildConfigurations = (
				2EBE3CF81D9112960086FA45 /* Debug */,
				2EBE3CF91D9112960086FA45 /* Release */,
			);
			defaultConfigurationIsVisible = 0;
			defaultConfigurationName = Release;
		};
		2EBE3CFA1D9112960086FA45 /* Build configuration list for PBXNativeTarget "switf-MobileAssistantTests" */ = {
			isa = XCConfigurationList;
			buildConfigurations = (
				2EBE3CFB1D9112960086FA45 /* Debug */,
				2EBE3CFC1D9112960086FA45 /* Release */,
			);
			defaultConfigurationIsVisible = 0;
			defaultConfigurationName = Release;
		};
		2EBE3CFD1D9112960086FA45 /* Build configuration list for PBXNativeTarget "switf-MobileAssistantUITests" */ = {
			isa = XCConfigurationList;
			buildConfigurations = (
				2EBE3CFE1D9112960086FA45 /* Debug */,
				2EBE3CFF1D9112960086FA45 /* Release */,
			);
			defaultConfigurationIsVisible = 0;
			defaultConfigurationName = Release;
		};
/* End XCConfigurationList section */
	};
	rootObject = 2EBE3CC71D9112960086FA45 /* Project object */;
}
